// !$*UTF8*$!
{
	archiveVersion = 1;
	classes = {
	};
	objectVersion = 48;
	objects = {

/* Begin PBXBuildFile section */
		4970A26C21D4905E00D228F9 /* TableViewProvider.swift in Sources */ = {isa = PBXBuildFile; fileRef = 4970A26B21D4905E00D228F9 /* TableViewProvider.swift */; };
		4970A26E21D4907B00D228F9 /* CollectionViewProvider.swift in Sources */ = {isa = PBXBuildFile; fileRef = 4970A26D21D4907B00D228F9 /* CollectionViewProvider.swift */; };
		4970A27021D4949400D228F9 /* DogDescriptionFormatter.swift in Sources */ = {isa = PBXBuildFile; fileRef = 4970A26F21D4949400D228F9 /* DogDescriptionFormatter.swift */; };
		4970A27221D4B2FE00D228F9 /* UIColor+Extension.swift in Sources */ = {isa = PBXBuildFile; fileRef = 4970A27121D4B2FE00D228F9 /* UIColor+Extension.swift */; };
		49FC21F821D75B9500145D64 /* String+Extension.swift in Sources */ = {isa = PBXBuildFile; fileRef = 49FC21F721D75B9500145D64 /* String+Extension.swift */; };
		9F091A8A204D52A800B580CB /* AppCoordinator.swift in Sources */ = {isa = PBXBuildFile; fileRef = 9F091A89204D52A800B580CB /* AppCoordinator.swift */; };
		9F091A90204D543600B580CB /* StartContract.swift in Sources */ = {isa = PBXBuildFile; fileRef = 9F091A8C204D543600B580CB /* StartContract.swift */; };
		9F091A91204D543600B580CB /* StartPresenter.swift in Sources */ = {isa = PBXBuildFile; fileRef = 9F091A8D204D543600B580CB /* StartPresenter.swift */; };
		9F091A92204D543600B580CB /* StartViewController.swift in Sources */ = {isa = PBXBuildFile; fileRef = 9F091A8E204D543600B580CB /* StartViewController.swift */; };
		9F091A93204D543600B580CB /* StartConfigurator.swift in Sources */ = {isa = PBXBuildFile; fileRef = 9F091A8F204D543600B580CB /* StartConfigurator.swift */; };
		9F091A95204D54EE00B580CB /* StartView.swift in Sources */ = {isa = PBXBuildFile; fileRef = 9F091A94204D54EE00B580CB /* StartView.swift */; };
		9F091A99204D63DA00B580CB /* UserCredentialsStorageService.swift in Sources */ = {isa = PBXBuildFile; fileRef = 9F091A98204D63DA00B580CB /* UserCredentialsStorageService.swift */; };
		9F091A9C204D63E900B580CB /* DogsStorageService.swift in Sources */ = {isa = PBXBuildFile; fileRef = 9F091A9B204D63E900B580CB /* DogsStorageService.swift */; };
		9F091AA4204D6A0000B580CB /* SignInContract.swift in Sources */ = {isa = PBXBuildFile; fileRef = 9F091AA0204D6A0000B580CB /* SignInContract.swift */; };
		9F091AA5204D6A0000B580CB /* SignInPresenter.swift in Sources */ = {isa = PBXBuildFile; fileRef = 9F091AA1204D6A0000B580CB /* SignInPresenter.swift */; };
		9F091AA6204D6A0000B580CB /* SignInViewController.swift in Sources */ = {isa = PBXBuildFile; fileRef = 9F091AA2204D6A0000B580CB /* SignInViewController.swift */; };
		9F091AA7204D6A0000B580CB /* SignInConfigurator.swift in Sources */ = {isa = PBXBuildFile; fileRef = 9F091AA3204D6A0000B580CB /* SignInConfigurator.swift */; };
		9F091AA9204D6A6100B580CB /* SignInView.swift in Sources */ = {isa = PBXBuildFile; fileRef = 9F091AA8204D6A6100B580CB /* SignInView.swift */; };
		9F091AAB204D6B0400B580CB /* AuthFlowCoordinator.swift in Sources */ = {isa = PBXBuildFile; fileRef = 9F091AAA204D6B0400B580CB /* AuthFlowCoordinator.swift */; };
		9F0ACA8B206542B000BA7F74 /* ImageLoaderTests.swift in Sources */ = {isa = PBXBuildFile; fileRef = 9F0ACA8A206542B000BA7F74 /* ImageLoaderTests.swift */; };
		9F0ACA8E206543AC00BA7F74 /* AppCoordinatorTests.swift in Sources */ = {isa = PBXBuildFile; fileRef = 9F0ACA8D206543AC00BA7F74 /* AppCoordinatorTests.swift */; };
		9F21E80F205A6F1800156B30 /* DogGalleryView.swift in Sources */ = {isa = PBXBuildFile; fileRef = 9F21E80E205A6F1800156B30 /* DogGalleryView.swift */; };
		9F21E811205A740D00156B30 /* GetRandomDogImageServerResponse.swift in Sources */ = {isa = PBXBuildFile; fileRef = 9F21E810205A740D00156B30 /* GetRandomDogImageServerResponse.swift */; };
		9F21E814205A82C200156B30 /* SimpleImageLoader.swift in Sources */ = {isa = PBXBuildFile; fileRef = 9F21E813205A82C200156B30 /* SimpleImageLoader.swift */; };
		9F222830205FA60D004324B6 /* Alertable.swift in Sources */ = {isa = PBXBuildFile; fileRef = 9F22282F205FA60D004324B6 /* Alertable.swift */; };
		9F32C976205A608D00F5C3CA /* ServerService.swift in Sources */ = {isa = PBXBuildFile; fileRef = 9F32C975205A608D00F5C3CA /* ServerService.swift */; };
		9F3776552050328400E9BB0A /* Validator.swift in Sources */ = {isa = PBXBuildFile; fileRef = 9F3776542050328400E9BB0A /* Validator.swift */; };
		9F3936552065880200AFD3CD /* AuthFlowCoordinatorTests.swift in Sources */ = {isa = PBXBuildFile; fileRef = 9F3936542065880200AFD3CD /* AuthFlowCoordinatorTests.swift */; };
		9F393657206589DC00AFD3CD /* DogsFlowCoordinatorTests.swift in Sources */ = {isa = PBXBuildFile; fileRef = 9F393656206589DC00AFD3CD /* DogsFlowCoordinatorTests.swift */; };
		9F39365920658AFC00AFD3CD /* CoordinatorTests.swift in Sources */ = {isa = PBXBuildFile; fileRef = 9F39365820658AFC00AFD3CD /* CoordinatorTests.swift */; };
		9F3E9C092066914100C1BB0D /* HUDViewTests.swift in Sources */ = {isa = PBXBuildFile; fileRef = 9F3E9C082066914100C1BB0D /* HUDViewTests.swift */; };
		9F495B642057CE840054FB4E /* ServerRouter.swift in Sources */ = {isa = PBXBuildFile; fileRef = 9F495B632057CE840054FB4E /* ServerRouter.swift */; };
		9F495B672057D9AD0054FB4E /* DogsServerService.swift in Sources */ = {isa = PBXBuildFile; fileRef = 9F495B662057D9AD0054FB4E /* DogsServerService.swift */; };
		9F495B6B2057E0130054FB4E /* BaseResponse.swift in Sources */ = {isa = PBXBuildFile; fileRef = 9F495B6A2057E0130054FB4E /* BaseResponse.swift */; };
		9F495B6F2057E0FB0054FB4E /* GetAllDogsServerResponse.swift in Sources */ = {isa = PBXBuildFile; fileRef = 9F495B6E2057E0FB0054FB4E /* GetAllDogsServerResponse.swift */; };
		9F5BA4A620626C8F00FF813D /* TestAppDelegate.swift in Sources */ = {isa = PBXBuildFile; fileRef = 9F5BA4A520626C8F00FF813D /* TestAppDelegate.swift */; };
		9F5BA4A820626CAA00FF813D /* main.swift in Sources */ = {isa = PBXBuildFile; fileRef = 9F5BA4A720626CAA00FF813D /* main.swift */; };
		9F64F641204C17DC00ED9EB4 /* ReusableView.swift in Sources */ = {isa = PBXBuildFile; fileRef = 9F64F63F204C17DC00ED9EB4 /* ReusableView.swift */; };
		9F64F642204C17DC00ED9EB4 /* Coordinator.swift in Sources */ = {isa = PBXBuildFile; fileRef = 9F64F640204C17DC00ED9EB4 /* Coordinator.swift */; };
		9F64F645204C194100ED9EB4 /* UIViewController+Extension.swift in Sources */ = {isa = PBXBuildFile; fileRef = 9F64F643204C194100ED9EB4 /* UIViewController+Extension.swift */; };
		9F64F646204C194100ED9EB4 /* UIView+Extension.swift in Sources */ = {isa = PBXBuildFile; fileRef = 9F64F644204C194100ED9EB4 /* UIView+Extension.swift */; };
		9F64F648204C19EF00ED9EB4 /* Utils.swift in Sources */ = {isa = PBXBuildFile; fileRef = 9F64F647204C19EF00ED9EB4 /* Utils.swift */; };
		9F64F64C204C1B4E00ED9EB4 /* BaseViewController.swift in Sources */ = {isa = PBXBuildFile; fileRef = 9F64F64B204C1B4E00ED9EB4 /* BaseViewController.swift */; };
		9F64F64F204C1C0400ED9EB4 /* BaseNavigationController.swift in Sources */ = {isa = PBXBuildFile; fileRef = 9F64F64E204C1C0400ED9EB4 /* BaseNavigationController.swift */; };
		9F64F659204C465C00ED9EB4 /* UserDefaultsLayer.swift in Sources */ = {isa = PBXBuildFile; fileRef = 9F64F658204C465C00ED9EB4 /* UserDefaultsLayer.swift */; };
		9F64F65B204C467900ED9EB4 /* AppDelegateService.swift in Sources */ = {isa = PBXBuildFile; fileRef = 9F64F65A204C467900ED9EB4 /* AppDelegateService.swift */; };
		9F67C5172052BF7C0031C8FB /* DogBreedTableViewCell.swift in Sources */ = {isa = PBXBuildFile; fileRef = 9F67C5162052BF7C0031C8FB /* DogBreedTableViewCell.swift */; };
		9F67C5192052C3D90031C8FB /* DogsListTableViewProvider.swift in Sources */ = {isa = PBXBuildFile; fileRef = 9F67C5182052C3D90031C8FB /* DogsListTableViewProvider.swift */; };
		9F67C51D2052C46F0031C8FB /* Dog.swift in Sources */ = {isa = PBXBuildFile; fileRef = 9F67C51C2052C46F0031C8FB /* Dog.swift */; };
		9F67C51F2052CF9F0031C8FB /* DogsFlowCoordinator.swift in Sources */ = {isa = PBXBuildFile; fileRef = 9F67C51E2052CF9F0031C8FB /* DogsFlowCoordinator.swift */; };
		9F6C2C96205FB12F008E5F7F /* HUDDisplayable.swift in Sources */ = {isa = PBXBuildFile; fileRef = 9F6C2C95205FB12F008E5F7F /* HUDDisplayable.swift */; };
		9F768D332062AEFC005BC464 /* NetworkTests.swift in Sources */ = {isa = PBXBuildFile; fileRef = 9F768D322062AEFC005BC464 /* NetworkTests.swift */; };
		9F768D352062AF42005BC464 /* SignInSceneTests.swift in Sources */ = {isa = PBXBuildFile; fileRef = 9F768D342062AF42005BC464 /* SignInSceneTests.swift */; };
		9F768D372062B950005BC464 /* SignInConfiguratorTests.swift in Sources */ = {isa = PBXBuildFile; fileRef = 9F768D362062B950005BC464 /* SignInConfiguratorTests.swift */; };
		9F8008C8205BCBB600F64C5C /* HUDView.swift in Sources */ = {isa = PBXBuildFile; fileRef = 9F8008C7205BCBB600F64C5C /* HUDView.swift */; };
		9F9F2950205A6E7B0008F285 /* DogGalleryContract.swift in Sources */ = {isa = PBXBuildFile; fileRef = 9F9F294C205A6E7B0008F285 /* DogGalleryContract.swift */; };
		9F9F2951205A6E7B0008F285 /* DogGalleryPresenter.swift in Sources */ = {isa = PBXBuildFile; fileRef = 9F9F294D205A6E7B0008F285 /* DogGalleryPresenter.swift */; };
		9F9F2952205A6E7B0008F285 /* DogGalleryViewController.swift in Sources */ = {isa = PBXBuildFile; fileRef = 9F9F294E205A6E7B0008F285 /* DogGalleryViewController.swift */; };
		9F9F2953205A6E7B0008F285 /* DogGalleryConfigurator.swift in Sources */ = {isa = PBXBuildFile; fileRef = 9F9F294F205A6E7B0008F285 /* DogGalleryConfigurator.swift */; };
		9FAA4C662052787700DBD109 /* ForgotPasswordContract.swift in Sources */ = {isa = PBXBuildFile; fileRef = 9FAA4C622052787700DBD109 /* ForgotPasswordContract.swift */; };
		9FAA4C672052787700DBD109 /* ForgotPasswordPresenter.swift in Sources */ = {isa = PBXBuildFile; fileRef = 9FAA4C632052787700DBD109 /* ForgotPasswordPresenter.swift */; };
		9FAA4C682052787700DBD109 /* ForgotPasswordViewController.swift in Sources */ = {isa = PBXBuildFile; fileRef = 9FAA4C642052787700DBD109 /* ForgotPasswordViewController.swift */; };
		9FAA4C692052787700DBD109 /* ForgotPasswordConfigurator.swift in Sources */ = {isa = PBXBuildFile; fileRef = 9FAA4C652052787700DBD109 /* ForgotPasswordConfigurator.swift */; };
		9FAA4C6B2052788C00DBD109 /* ForgotPasswordView.swift in Sources */ = {isa = PBXBuildFile; fileRef = 9FAA4C6A2052788C00DBD109 /* ForgotPasswordView.swift */; };
		9FB14B4920591A6100EA64EF /* UrlSessionService.swift in Sources */ = {isa = PBXBuildFile; fileRef = 9FB14B4820591A6100EA64EF /* UrlSessionService.swift */; };
		9FB14B4B2059202800EA64EF /* Result.swift in Sources */ = {isa = PBXBuildFile; fileRef = 9FB14B4A2059202800EA64EF /* Result.swift */; };
		9FCF0A502066A84500EB86AA /* DogsListTableViewTests.swift in Sources */ = {isa = PBXBuildFile; fileRef = 9FCF0A4F2066A84500EB86AA /* DogsListTableViewTests.swift */; };
		9FCF0A532066B6BE00EB86AA /* AppDelegateServiceTests.swift in Sources */ = {isa = PBXBuildFile; fileRef = 9FCF0A522066B6BE00EB86AA /* AppDelegateServiceTests.swift */; };
		9FD123B12066712400BD3DD7 /* ReusableViewTests.swift in Sources */ = {isa = PBXBuildFile; fileRef = 9FD123B02066712400BD3DD7 /* ReusableViewTests.swift */; };
		9FD5E209204BFDE7002536E7 /* AppDelegate.swift in Sources */ = {isa = PBXBuildFile; fileRef = 9FD5E208204BFDE7002536E7 /* AppDelegate.swift */; };
		9FD5E210204BFDE7002536E7 /* Assets.xcassets in Resources */ = {isa = PBXBuildFile; fileRef = 9FD5E20F204BFDE7002536E7 /* Assets.xcassets */; };
		9FD5E213204BFDE7002536E7 /* LaunchScreen.storyboard in Resources */ = {isa = PBXBuildFile; fileRef = 9FD5E211204BFDE7002536E7 /* LaunchScreen.storyboard */; };
		9FE95E702052B8A70080CBAA /* DogsListContract.swift in Sources */ = {isa = PBXBuildFile; fileRef = 9FE95E6C2052B8A70080CBAA /* DogsListContract.swift */; };
		9FE95E712052B8A70080CBAA /* DogsListPresenter.swift in Sources */ = {isa = PBXBuildFile; fileRef = 9FE95E6D2052B8A70080CBAA /* DogsListPresenter.swift */; };
		9FE95E722052B8A70080CBAA /* DogsListViewController.swift in Sources */ = {isa = PBXBuildFile; fileRef = 9FE95E6E2052B8A70080CBAA /* DogsListViewController.swift */; };
		9FE95E732052B8A70080CBAA /* DogsListConfigurator.swift in Sources */ = {isa = PBXBuildFile; fileRef = 9FE95E6F2052B8A70080CBAA /* DogsListConfigurator.swift */; };
		9FE95E752052BCA80080CBAA /* DogsListView.swift in Sources */ = {isa = PBXBuildFile; fileRef = 9FE95E742052BCA80080CBAA /* DogsListView.swift */; };
		9FFBAAF320652D8600A98008 /* ValidatorTests.swift in Sources */ = {isa = PBXBuildFile; fileRef = 9FFBAAF220652D8600A98008 /* ValidatorTests.swift */; };
/* End PBXBuildFile section */

/* Begin PBXContainerItemProxy section */
		9F768D2D2062ADC7005BC464 /* PBXContainerItemProxy */ = {
			isa = PBXContainerItemProxy;
			containerPortal = 9FD5E1FD204BFDE7002536E7 /* Project object */;
			proxyType = 1;
			remoteGlobalIDString = 9FD5E204204BFDE7002536E7;
			remoteInfo = NiceDemo;
		};
/* End PBXContainerItemProxy section */

/* Begin PBXFileReference section */
		4970A26B21D4905E00D228F9 /* TableViewProvider.swift */ = {isa = PBXFileReference; lastKnownFileType = sourcecode.swift; path = TableViewProvider.swift; sourceTree = "<group>"; };
		4970A26D21D4907B00D228F9 /* CollectionViewProvider.swift */ = {isa = PBXFileReference; lastKnownFileType = sourcecode.swift; path = CollectionViewProvider.swift; sourceTree = "<group>"; };
		4970A26F21D4949400D228F9 /* DogDescriptionFormatter.swift */ = {isa = PBXFileReference; lastKnownFileType = sourcecode.swift; path = DogDescriptionFormatter.swift; sourceTree = "<group>"; };
		4970A27121D4B2FE00D228F9 /* UIColor+Extension.swift */ = {isa = PBXFileReference; lastKnownFileType = sourcecode.swift; path = "UIColor+Extension.swift"; sourceTree = "<group>"; };
		49FC21F721D75B9500145D64 /* String+Extension.swift */ = {isa = PBXFileReference; lastKnownFileType = sourcecode.swift; path = "String+Extension.swift"; sourceTree = "<group>"; };
		9F091A89204D52A800B580CB /* AppCoordinator.swift */ = {isa = PBXFileReference; lastKnownFileType = sourcecode.swift; path = AppCoordinator.swift; sourceTree = "<group>"; };
		9F091A8C204D543600B580CB /* StartContract.swift */ = {isa = PBXFileReference; lastKnownFileType = sourcecode.swift; path = StartContract.swift; sourceTree = "<group>"; };
		9F091A8D204D543600B580CB /* StartPresenter.swift */ = {isa = PBXFileReference; lastKnownFileType = sourcecode.swift; path = StartPresenter.swift; sourceTree = "<group>"; };
		9F091A8E204D543600B580CB /* StartViewController.swift */ = {isa = PBXFileReference; lastKnownFileType = sourcecode.swift; path = StartViewController.swift; sourceTree = "<group>"; };
		9F091A8F204D543600B580CB /* StartConfigurator.swift */ = {isa = PBXFileReference; lastKnownFileType = sourcecode.swift; path = StartConfigurator.swift; sourceTree = "<group>"; };
		9F091A94204D54EE00B580CB /* StartView.swift */ = {isa = PBXFileReference; lastKnownFileType = sourcecode.swift; path = StartView.swift; sourceTree = "<group>"; };
		9F091A98204D63DA00B580CB /* UserCredentialsStorageService.swift */ = {isa = PBXFileReference; lastKnownFileType = sourcecode.swift; path = UserCredentialsStorageService.swift; sourceTree = "<group>"; };
		9F091A9B204D63E900B580CB /* DogsStorageService.swift */ = {isa = PBXFileReference; lastKnownFileType = sourcecode.swift; path = DogsStorageService.swift; sourceTree = "<group>"; };
		9F091AA0204D6A0000B580CB /* SignInContract.swift */ = {isa = PBXFileReference; lastKnownFileType = sourcecode.swift; path = SignInContract.swift; sourceTree = "<group>"; };
		9F091AA1204D6A0000B580CB /* SignInPresenter.swift */ = {isa = PBXFileReference; lastKnownFileType = sourcecode.swift; path = SignInPresenter.swift; sourceTree = "<group>"; };
		9F091AA2204D6A0000B580CB /* SignInViewController.swift */ = {isa = PBXFileReference; lastKnownFileType = sourcecode.swift; path = SignInViewController.swift; sourceTree = "<group>"; };
		9F091AA3204D6A0000B580CB /* SignInConfigurator.swift */ = {isa = PBXFileReference; lastKnownFileType = sourcecode.swift; path = SignInConfigurator.swift; sourceTree = "<group>"; };
		9F091AA8204D6A6100B580CB /* SignInView.swift */ = {isa = PBXFileReference; lastKnownFileType = sourcecode.swift; path = SignInView.swift; sourceTree = "<group>"; };
		9F091AAA204D6B0400B580CB /* AuthFlowCoordinator.swift */ = {isa = PBXFileReference; lastKnownFileType = sourcecode.swift; path = AuthFlowCoordinator.swift; sourceTree = "<group>"; };
		9F0ACA8A206542B000BA7F74 /* ImageLoaderTests.swift */ = {isa = PBXFileReference; lastKnownFileType = sourcecode.swift; path = ImageLoaderTests.swift; sourceTree = "<group>"; };
		9F0ACA8D206543AC00BA7F74 /* AppCoordinatorTests.swift */ = {isa = PBXFileReference; lastKnownFileType = sourcecode.swift; path = AppCoordinatorTests.swift; sourceTree = "<group>"; };
		9F21E80E205A6F1800156B30 /* DogGalleryView.swift */ = {isa = PBXFileReference; lastKnownFileType = sourcecode.swift; path = DogGalleryView.swift; sourceTree = "<group>"; };
		9F21E810205A740D00156B30 /* GetRandomDogImageServerResponse.swift */ = {isa = PBXFileReference; lastKnownFileType = sourcecode.swift; path = GetRandomDogImageServerResponse.swift; sourceTree = "<group>"; };
		9F21E813205A82C200156B30 /* SimpleImageLoader.swift */ = {isa = PBXFileReference; lastKnownFileType = sourcecode.swift; path = SimpleImageLoader.swift; sourceTree = "<group>"; };
		9F22282F205FA60D004324B6 /* Alertable.swift */ = {isa = PBXFileReference; lastKnownFileType = sourcecode.swift; path = Alertable.swift; sourceTree = "<group>"; };
		9F32C975205A608D00F5C3CA /* ServerService.swift */ = {isa = PBXFileReference; lastKnownFileType = sourcecode.swift; path = ServerService.swift; sourceTree = "<group>"; };
		9F3776542050328400E9BB0A /* Validator.swift */ = {isa = PBXFileReference; lastKnownFileType = sourcecode.swift; path = Validator.swift; sourceTree = "<group>"; };
		9F3936542065880200AFD3CD /* AuthFlowCoordinatorTests.swift */ = {isa = PBXFileReference; lastKnownFileType = sourcecode.swift; path = AuthFlowCoordinatorTests.swift; sourceTree = "<group>"; };
		9F393656206589DC00AFD3CD /* DogsFlowCoordinatorTests.swift */ = {isa = PBXFileReference; lastKnownFileType = sourcecode.swift; path = DogsFlowCoordinatorTests.swift; sourceTree = "<group>"; };
		9F39365820658AFC00AFD3CD /* CoordinatorTests.swift */ = {isa = PBXFileReference; lastKnownFileType = sourcecode.swift; path = CoordinatorTests.swift; sourceTree = "<group>"; };
		9F3E9C082066914100C1BB0D /* HUDViewTests.swift */ = {isa = PBXFileReference; lastKnownFileType = sourcecode.swift; path = HUDViewTests.swift; sourceTree = "<group>"; };
		9F495B632057CE840054FB4E /* ServerRouter.swift */ = {isa = PBXFileReference; lastKnownFileType = sourcecode.swift; path = ServerRouter.swift; sourceTree = "<group>"; };
		9F495B662057D9AD0054FB4E /* DogsServerService.swift */ = {isa = PBXFileReference; lastKnownFileType = sourcecode.swift; path = DogsServerService.swift; sourceTree = "<group>"; };
		9F495B6A2057E0130054FB4E /* BaseResponse.swift */ = {isa = PBXFileReference; lastKnownFileType = sourcecode.swift; path = BaseResponse.swift; sourceTree = "<group>"; };
		9F495B6E2057E0FB0054FB4E /* GetAllDogsServerResponse.swift */ = {isa = PBXFileReference; lastKnownFileType = sourcecode.swift; path = GetAllDogsServerResponse.swift; sourceTree = "<group>"; };
		9F5BA4A520626C8F00FF813D /* TestAppDelegate.swift */ = {isa = PBXFileReference; lastKnownFileType = sourcecode.swift; path = TestAppDelegate.swift; sourceTree = "<group>"; };
		9F5BA4A720626CAA00FF813D /* main.swift */ = {isa = PBXFileReference; lastKnownFileType = sourcecode.swift; path = main.swift; sourceTree = "<group>"; };
		9F64F63F204C17DC00ED9EB4 /* ReusableView.swift */ = {isa = PBXFileReference; fileEncoding = 4; lastKnownFileType = sourcecode.swift; path = ReusableView.swift; sourceTree = "<group>"; };
		9F64F640204C17DC00ED9EB4 /* Coordinator.swift */ = {isa = PBXFileReference; fileEncoding = 4; lastKnownFileType = sourcecode.swift; path = Coordinator.swift; sourceTree = "<group>"; };
		9F64F643204C194100ED9EB4 /* UIViewController+Extension.swift */ = {isa = PBXFileReference; fileEncoding = 4; lastKnownFileType = sourcecode.swift; path = "UIViewController+Extension.swift"; sourceTree = "<group>"; };
		9F64F644204C194100ED9EB4 /* UIView+Extension.swift */ = {isa = PBXFileReference; fileEncoding = 4; lastKnownFileType = sourcecode.swift; path = "UIView+Extension.swift"; sourceTree = "<group>"; };
		9F64F647204C19EF00ED9EB4 /* Utils.swift */ = {isa = PBXFileReference; fileEncoding = 4; lastKnownFileType = sourcecode.swift; path = Utils.swift; sourceTree = "<group>"; };
		9F64F64B204C1B4E00ED9EB4 /* BaseViewController.swift */ = {isa = PBXFileReference; lastKnownFileType = sourcecode.swift; path = BaseViewController.swift; sourceTree = "<group>"; };
		9F64F64E204C1C0400ED9EB4 /* BaseNavigationController.swift */ = {isa = PBXFileReference; lastKnownFileType = sourcecode.swift; path = BaseNavigationController.swift; sourceTree = "<group>"; };
		9F64F658204C465C00ED9EB4 /* UserDefaultsLayer.swift */ = {isa = PBXFileReference; fileEncoding = 4; lastKnownFileType = sourcecode.swift; path = UserDefaultsLayer.swift; sourceTree = "<group>"; };
		9F64F65A204C467900ED9EB4 /* AppDelegateService.swift */ = {isa = PBXFileReference; fileEncoding = 4; lastKnownFileType = sourcecode.swift; path = AppDelegateService.swift; sourceTree = "<group>"; };
		9F67C5162052BF7C0031C8FB /* DogBreedTableViewCell.swift */ = {isa = PBXFileReference; lastKnownFileType = sourcecode.swift; path = DogBreedTableViewCell.swift; sourceTree = "<group>"; };
		9F67C5182052C3D90031C8FB /* DogsListTableViewProvider.swift */ = {isa = PBXFileReference; lastKnownFileType = sourcecode.swift; path = DogsListTableViewProvider.swift; sourceTree = "<group>"; };
		9F67C51C2052C46F0031C8FB /* Dog.swift */ = {isa = PBXFileReference; lastKnownFileType = sourcecode.swift; path = Dog.swift; sourceTree = "<group>"; };
		9F67C51E2052CF9F0031C8FB /* DogsFlowCoordinator.swift */ = {isa = PBXFileReference; lastKnownFileType = sourcecode.swift; path = DogsFlowCoordinator.swift; sourceTree = "<group>"; };
		9F6C2C95205FB12F008E5F7F /* HUDDisplayable.swift */ = {isa = PBXFileReference; lastKnownFileType = sourcecode.swift; path = HUDDisplayable.swift; sourceTree = "<group>"; };
		9F768D282062ADC7005BC464 /* NiceDemoTests.xctest */ = {isa = PBXFileReference; explicitFileType = wrapper.cfbundle; includeInIndex = 0; path = NiceDemoTests.xctest; sourceTree = BUILT_PRODUCTS_DIR; };
		9F768D2C2062ADC7005BC464 /* Info.plist */ = {isa = PBXFileReference; lastKnownFileType = text.plist.xml; path = Info.plist; sourceTree = "<group>"; };
		9F768D322062AEFC005BC464 /* NetworkTests.swift */ = {isa = PBXFileReference; lastKnownFileType = sourcecode.swift; path = NetworkTests.swift; sourceTree = "<group>"; };
		9F768D342062AF42005BC464 /* SignInSceneTests.swift */ = {isa = PBXFileReference; lastKnownFileType = sourcecode.swift; path = SignInSceneTests.swift; sourceTree = "<group>"; };
		9F768D362062B950005BC464 /* SignInConfiguratorTests.swift */ = {isa = PBXFileReference; lastKnownFileType = sourcecode.swift; path = SignInConfiguratorTests.swift; sourceTree = "<group>"; };
		9F8008C7205BCBB600F64C5C /* HUDView.swift */ = {isa = PBXFileReference; lastKnownFileType = sourcecode.swift; path = HUDView.swift; sourceTree = "<group>"; };
		9F9F294C205A6E7B0008F285 /* DogGalleryContract.swift */ = {isa = PBXFileReference; lastKnownFileType = sourcecode.swift; path = DogGalleryContract.swift; sourceTree = "<group>"; };
		9F9F294D205A6E7B0008F285 /* DogGalleryPresenter.swift */ = {isa = PBXFileReference; lastKnownFileType = sourcecode.swift; path = DogGalleryPresenter.swift; sourceTree = "<group>"; };
		9F9F294E205A6E7B0008F285 /* DogGalleryViewController.swift */ = {isa = PBXFileReference; lastKnownFileType = sourcecode.swift; path = DogGalleryViewController.swift; sourceTree = "<group>"; };
		9F9F294F205A6E7B0008F285 /* DogGalleryConfigurator.swift */ = {isa = PBXFileReference; lastKnownFileType = sourcecode.swift; path = DogGalleryConfigurator.swift; sourceTree = "<group>"; };
		9FAA4C622052787700DBD109 /* ForgotPasswordContract.swift */ = {isa = PBXFileReference; lastKnownFileType = sourcecode.swift; path = ForgotPasswordContract.swift; sourceTree = "<group>"; };
		9FAA4C632052787700DBD109 /* ForgotPasswordPresenter.swift */ = {isa = PBXFileReference; lastKnownFileType = sourcecode.swift; path = ForgotPasswordPresenter.swift; sourceTree = "<group>"; };
		9FAA4C642052787700DBD109 /* ForgotPasswordViewController.swift */ = {isa = PBXFileReference; lastKnownFileType = sourcecode.swift; path = ForgotPasswordViewController.swift; sourceTree = "<group>"; };
		9FAA4C652052787700DBD109 /* ForgotPasswordConfigurator.swift */ = {isa = PBXFileReference; lastKnownFileType = sourcecode.swift; path = ForgotPasswordConfigurator.swift; sourceTree = "<group>"; };
		9FAA4C6A2052788C00DBD109 /* ForgotPasswordView.swift */ = {isa = PBXFileReference; lastKnownFileType = sourcecode.swift; path = ForgotPasswordView.swift; sourceTree = "<group>"; };
		9FB14B4820591A6100EA64EF /* UrlSessionService.swift */ = {isa = PBXFileReference; lastKnownFileType = sourcecode.swift; path = UrlSessionService.swift; sourceTree = "<group>"; };
		9FB14B4A2059202800EA64EF /* Result.swift */ = {isa = PBXFileReference; lastKnownFileType = sourcecode.swift; path = Result.swift; sourceTree = "<group>"; };
		9FCF0A4F2066A84500EB86AA /* DogsListTableViewTests.swift */ = {isa = PBXFileReference; lastKnownFileType = sourcecode.swift; path = DogsListTableViewTests.swift; sourceTree = "<group>"; };
		9FCF0A522066B6BE00EB86AA /* AppDelegateServiceTests.swift */ = {isa = PBXFileReference; lastKnownFileType = sourcecode.swift; path = AppDelegateServiceTests.swift; sourceTree = "<group>"; };
		9FD123B02066712400BD3DD7 /* ReusableViewTests.swift */ = {isa = PBXFileReference; lastKnownFileType = sourcecode.swift; path = ReusableViewTests.swift; sourceTree = "<group>"; };
		9FD5E205204BFDE7002536E7 /* NiceDemo.app */ = {isa = PBXFileReference; explicitFileType = wrapper.application; includeInIndex = 0; path = NiceDemo.app; sourceTree = BUILT_PRODUCTS_DIR; };
		9FD5E208204BFDE7002536E7 /* AppDelegate.swift */ = {isa = PBXFileReference; lastKnownFileType = sourcecode.swift; path = AppDelegate.swift; sourceTree = "<group>"; };
		9FD5E20F204BFDE7002536E7 /* Assets.xcassets */ = {isa = PBXFileReference; lastKnownFileType = folder.assetcatalog; path = Assets.xcassets; sourceTree = "<group>"; };
		9FD5E212204BFDE7002536E7 /* Base */ = {isa = PBXFileReference; lastKnownFileType = file.storyboard; name = Base; path = Base.lproj/LaunchScreen.storyboard; sourceTree = "<group>"; };
		9FD5E214204BFDE7002536E7 /* Info.plist */ = {isa = PBXFileReference; lastKnownFileType = text.plist.xml; path = Info.plist; sourceTree = "<group>"; };
		9FE95E6C2052B8A70080CBAA /* DogsListContract.swift */ = {isa = PBXFileReference; lastKnownFileType = sourcecode.swift; path = DogsListContract.swift; sourceTree = "<group>"; };
		9FE95E6D2052B8A70080CBAA /* DogsListPresenter.swift */ = {isa = PBXFileReference; lastKnownFileType = sourcecode.swift; path = DogsListPresenter.swift; sourceTree = "<group>"; };
		9FE95E6E2052B8A70080CBAA /* DogsListViewController.swift */ = {isa = PBXFileReference; lastKnownFileType = sourcecode.swift; path = DogsListViewController.swift; sourceTree = "<group>"; };
		9FE95E6F2052B8A70080CBAA /* DogsListConfigurator.swift */ = {isa = PBXFileReference; lastKnownFileType = sourcecode.swift; path = DogsListConfigurator.swift; sourceTree = "<group>"; };
		9FE95E742052BCA80080CBAA /* DogsListView.swift */ = {isa = PBXFileReference; lastKnownFileType = sourcecode.swift; path = DogsListView.swift; sourceTree = "<group>"; };
		9FFBAAF220652D8600A98008 /* ValidatorTests.swift */ = {isa = PBXFileReference; lastKnownFileType = sourcecode.swift; path = ValidatorTests.swift; sourceTree = "<group>"; };
/* End PBXFileReference section */

/* Begin PBXFrameworksBuildPhase section */
		9F768D252062ADC7005BC464 /* Frameworks */ = {
			isa = PBXFrameworksBuildPhase;
			buildActionMask = 2147483647;
			files = (
			);
			runOnlyForDeploymentPostprocessing = 0;
		};
		9FD5E202204BFDE7002536E7 /* Frameworks */ = {
			isa = PBXFrameworksBuildPhase;
			buildActionMask = 2147483647;
			files = (
			);
			runOnlyForDeploymentPostprocessing = 0;
		};
/* End PBXFrameworksBuildPhase section */

/* Begin PBXGroup section */
		9F091A88204D524500B580CB /* Scenes */ = {
			isa = PBXGroup;
			children = (
				9F091A9E204D69D600B580CB /* DogsFlow */,
				9F091A9D204D69CE00B580CB /* AuthFlow */,
				9F091A8B204D542C00B580CB /* Start */,
			);
			path = Scenes;
			sourceTree = "<group>";
		};
		9F091A8B204D542C00B580CB /* Start */ = {
			isa = PBXGroup;
			children = (
				9F091A8E204D543600B580CB /* StartViewController.swift */,
				9F091A94204D54EE00B580CB /* StartView.swift */,
				9F091A8D204D543600B580CB /* StartPresenter.swift */,
				9F091A8C204D543600B580CB /* StartContract.swift */,
				9F091A8F204D543600B580CB /* StartConfigurator.swift */,
			);
			path = Start;
			sourceTree = "<group>";
		};
		9F091A96204D63A700B580CB /* LocalStorage */ = {
			isa = PBXGroup;
			children = (
				9F091A9A204D63DF00B580CB /* DogsStorageService */,
				9F091A97204D63BB00B580CB /* UserCredentialsStorageService */,
			);
			path = LocalStorage;
			sourceTree = "<group>";
		};
		9F091A97204D63BB00B580CB /* UserCredentialsStorageService */ = {
			isa = PBXGroup;
			children = (
				9F091A98204D63DA00B580CB /* UserCredentialsStorageService.swift */,
			);
			path = UserCredentialsStorageService;
			sourceTree = "<group>";
		};
		9F091A9A204D63DF00B580CB /* DogsStorageService */ = {
			isa = PBXGroup;
			children = (
				9F091A9B204D63E900B580CB /* DogsStorageService.swift */,
			);
			path = DogsStorageService;
			sourceTree = "<group>";
		};
		9F091A9D204D69CE00B580CB /* AuthFlow */ = {
			isa = PBXGroup;
			children = (
				9FAA4C612052782600DBD109 /* ForgotPassword */,
				9F091A9F204D69F300B580CB /* SignIn */,
			);
			path = AuthFlow;
			sourceTree = "<group>";
		};
		9F091A9E204D69D600B580CB /* DogsFlow */ = {
			isa = PBXGroup;
			children = (
				9F9F294B205A6E240008F285 /* DogGallery */,
				9FE95E6B2052B88C0080CBAA /* DogsList */,
			);
			path = DogsFlow;
			sourceTree = "<group>";
		};
		9F091A9F204D69F300B580CB /* SignIn */ = {
			isa = PBXGroup;
			children = (
				9F091AA2204D6A0000B580CB /* SignInViewController.swift */,
				9F091AA8204D6A6100B580CB /* SignInView.swift */,
				9F091AA1204D6A0000B580CB /* SignInPresenter.swift */,
				9F091AA0204D6A0000B580CB /* SignInContract.swift */,
				9F091AA3204D6A0000B580CB /* SignInConfigurator.swift */,
			);
			path = SignIn;
			sourceTree = "<group>";
		};
		9F0ACA8C2065438500BA7F74 /* Coordinators */ = {
			isa = PBXGroup;
			children = (
				9F39365820658AFC00AFD3CD /* CoordinatorTests.swift */,
				9F0ACA8D206543AC00BA7F74 /* AppCoordinatorTests.swift */,
				9F3936542065880200AFD3CD /* AuthFlowCoordinatorTests.swift */,
				9F393656206589DC00AFD3CD /* DogsFlowCoordinatorTests.swift */,
			);
			path = Coordinators;
			sourceTree = "<group>";
		};
		9F21E812205A82B300156B30 /* SimpleImageLoader */ = {
			isa = PBXGroup;
			children = (
				9F21E813205A82C200156B30 /* SimpleImageLoader.swift */,
			);
			path = SimpleImageLoader;
			sourceTree = "<group>";
		};
		9F3776532050327200E9BB0A /* Validator */ = {
			isa = PBXGroup;
			children = (
				9F3776542050328400E9BB0A /* Validator.swift */,
			);
			path = Validator;
			sourceTree = "<group>";
		};
		9F3E9C072066910300C1BB0D /* HUDView */ = {
			isa = PBXGroup;
			children = (
				9F3E9C082066914100C1BB0D /* HUDViewTests.swift */,
			);
			path = HUDView;
			sourceTree = "<group>";
		};
		9F495B612057CE6A0054FB4E /* ServerApi */ = {
			isa = PBXGroup;
			children = (
				9F495B652057D93F0054FB4E /* DogsServerService */,
				9F495B622057CE790054FB4E /* Core */,
			);
			path = ServerApi;
			sourceTree = "<group>";
		};
		9F495B622057CE790054FB4E /* Core */ = {
			isa = PBXGroup;
			children = (
				9F495B632057CE840054FB4E /* ServerRouter.swift */,
				9FB14B4820591A6100EA64EF /* UrlSessionService.swift */,
			);
			path = Core;
			sourceTree = "<group>";
		};
		9F495B652057D93F0054FB4E /* DogsServerService */ = {
			isa = PBXGroup;
			children = (
				9F495B662057D9AD0054FB4E /* DogsServerService.swift */,
			);
			path = DogsServerService;
			sourceTree = "<group>";
		};
		9F495B6C2057E0D90054FB4E /* ServerResponses */ = {
			isa = PBXGroup;
			children = (
				9F495B6D2057E0E40054FB4E /* BaseResponse */,
				9F495B6E2057E0FB0054FB4E /* GetAllDogsServerResponse.swift */,
				9F21E810205A740D00156B30 /* GetRandomDogImageServerResponse.swift */,
			);
			path = ServerResponses;
			sourceTree = "<group>";
		};
		9F495B6D2057E0E40054FB4E /* BaseResponse */ = {
			isa = PBXGroup;
			children = (
				9F495B6A2057E0130054FB4E /* BaseResponse.swift */,
			);
			path = BaseResponse;
			sourceTree = "<group>";
		};
		9F5BA4AA2062715200FF813D /* SystemFiles */ = {
			isa = PBXGroup;
			children = (
				9FD5E208204BFDE7002536E7 /* AppDelegate.swift */,
				9F5BA4A520626C8F00FF813D /* TestAppDelegate.swift */,
				9F5BA4A720626CAA00FF813D /* main.swift */,
			);
			path = SystemFiles;
			sourceTree = "<group>";
		};
		9F64F636204C14B100ED9EB4 /* SupportingFiles */ = {
			isa = PBXGroup;
			children = (
				9FD5E20F204BFDE7002536E7 /* Assets.xcassets */,
				9FD5E211204BFDE7002536E7 /* LaunchScreen.storyboard */,
				9FD5E214204BFDE7002536E7 /* Info.plist */,
			);
			path = SupportingFiles;
			sourceTree = "<group>";
		};
		9F64F638204C151C00ED9EB4 /* CustomViews */ = {
			isa = PBXGroup;
			children = (
				9F8008C6205BCB7400F64C5C /* LoadingIndicatorView */,
			);
			path = CustomViews;
			sourceTree = "<group>";
		};
		9F64F639204C15C400ED9EB4 /* Models */ = {
			isa = PBXGroup;
			children = (
				9F495B6C2057E0D90054FB4E /* ServerResponses */,
				9F67C51C2052C46F0031C8FB /* Dog.swift */,
				9FB14B4A2059202800EA64EF /* Result.swift */,
				4970A26F21D4949400D228F9 /* DogDescriptionFormatter.swift */,
			);
			path = Models;
			sourceTree = "<group>";
		};
		9F64F63A204C15C900ED9EB4 /* Utils */ = {
			isa = PBXGroup;
			children = (
				9F64F647204C19EF00ED9EB4 /* Utils.swift */,
			);
			path = Utils;
			sourceTree = "<group>";
		};
		9F64F63B204C15D600ED9EB4 /* Extensions */ = {
			isa = PBXGroup;
			children = (
				9F64F644204C194100ED9EB4 /* UIView+Extension.swift */,
				9F64F643204C194100ED9EB4 /* UIViewController+Extension.swift */,
				4970A27121D4B2FE00D228F9 /* UIColor+Extension.swift */,
				49FC21F721D75B9500145D64 /* String+Extension.swift */,
			);
			path = Extensions;
			sourceTree = "<group>";
		};
		9F64F63C204C15DC00ED9EB4 /* Protocols */ = {
			isa = PBXGroup;
			children = (
				9F64F63F204C17DC00ED9EB4 /* ReusableView.swift */,
				9F64F640204C17DC00ED9EB4 /* Coordinator.swift */,
				9F32C975205A608D00F5C3CA /* ServerService.swift */,
				9F22282F205FA60D004324B6 /* Alertable.swift */,
				9F6C2C95205FB12F008E5F7F /* HUDDisplayable.swift */,
				4970A26B21D4905E00D228F9 /* TableViewProvider.swift */,
				4970A26D21D4907B00D228F9 /* CollectionViewProvider.swift */,
			);
			path = Protocols;
			sourceTree = "<group>";
		};
		9F64F63D204C15EC00ED9EB4 /* Services */ = {
			isa = PBXGroup;
			children = (
				9F21E812205A82B300156B30 /* SimpleImageLoader */,
				9F495B612057CE6A0054FB4E /* ServerApi */,
				9F3776532050327200E9BB0A /* Validator */,
				9F091A96204D63A700B580CB /* LocalStorage */,
				9F64F657204C463C00ED9EB4 /* AppDelegateService */,
				9F64F656204C463100ED9EB4 /* UserDefaults */,
			);
			path = Services;
			sourceTree = "<group>";
		};
		9F64F63E204C15FE00ED9EB4 /* Coordinators */ = {
			isa = PBXGroup;
			children = (
				9F091A89204D52A800B580CB /* AppCoordinator.swift */,
				9F091AAA204D6B0400B580CB /* AuthFlowCoordinator.swift */,
				9F67C51E2052CF9F0031C8FB /* DogsFlowCoordinator.swift */,
			);
			path = Coordinators;
			sourceTree = "<group>";
		};
		9F64F649204C1B3200ED9EB4 /* Controllers */ = {
			isa = PBXGroup;
			children = (
				9F64F64D204C1BEF00ED9EB4 /* BaseNavigationController */,
				9F64F64A204C1B4000ED9EB4 /* BaseViewController */,
			);
			path = Controllers;
			sourceTree = "<group>";
		};
		9F64F64A204C1B4000ED9EB4 /* BaseViewController */ = {
			isa = PBXGroup;
			children = (
				9F64F64B204C1B4E00ED9EB4 /* BaseViewController.swift */,
			);
			path = BaseViewController;
			sourceTree = "<group>";
		};
		9F64F64D204C1BEF00ED9EB4 /* BaseNavigationController */ = {
			isa = PBXGroup;
			children = (
				9F64F64E204C1C0400ED9EB4 /* BaseNavigationController.swift */,
			);
			path = BaseNavigationController;
			sourceTree = "<group>";
		};
		9F64F656204C463100ED9EB4 /* UserDefaults */ = {
			isa = PBXGroup;
			children = (
				9F64F658204C465C00ED9EB4 /* UserDefaultsLayer.swift */,
			);
			path = UserDefaults;
			sourceTree = "<group>";
		};
		9F64F657204C463C00ED9EB4 /* AppDelegateService */ = {
			isa = PBXGroup;
			children = (
				9F64F65A204C467900ED9EB4 /* AppDelegateService.swift */,
			);
			path = AppDelegateService;
			sourceTree = "<group>";
		};
		9F67C5152052BF4F0031C8FB /* TableView */ = {
			isa = PBXGroup;
			children = (
				9F67C5162052BF7C0031C8FB /* DogBreedTableViewCell.swift */,
				9F67C5182052C3D90031C8FB /* DogsListTableViewProvider.swift */,
			);
			path = TableView;
			sourceTree = "<group>";
		};
		9F768D292062ADC7005BC464 /* NiceDemoTests */ = {
			isa = PBXGroup;
			children = (
				9FCF0A512066B6B400EB86AA /* AppDelegateService */,
				9FD123B2206690BC00BD3DD7 /* Scenes */,
				9F0ACA8C2065438500BA7F74 /* Coordinators */,
				9F3E9C072066910300C1BB0D /* HUDView */,
				9FD123AF2066711200BD3DD7 /* Other */,
				9FFBAAF120652D6A00A98008 /* Validator */,
				9FFBAAF020652C9A00A98008 /* Network */,
				9F768D2C2062ADC7005BC464 /* Info.plist */,
			);
			path = NiceDemoTests;
			sourceTree = "<group>";
		};
		9F8008C6205BCB7400F64C5C /* LoadingIndicatorView */ = {
			isa = PBXGroup;
			children = (
				9F8008C7205BCBB600F64C5C /* HUDView.swift */,
			);
			path = LoadingIndicatorView;
			sourceTree = "<group>";
		};
		9F9F294B205A6E240008F285 /* DogGallery */ = {
			isa = PBXGroup;
			children = (
				9F9F294E205A6E7B0008F285 /* DogGalleryViewController.swift */,
				9F21E80E205A6F1800156B30 /* DogGalleryView.swift */,
				9F9F294D205A6E7B0008F285 /* DogGalleryPresenter.swift */,
				9F9F294C205A6E7B0008F285 /* DogGalleryContract.swift */,
				9F9F294F205A6E7B0008F285 /* DogGalleryConfigurator.swift */,
			);
			path = DogGallery;
			sourceTree = "<group>";
		};
		9FAA4C612052782600DBD109 /* ForgotPassword */ = {
			isa = PBXGroup;
			children = (
				9FAA4C642052787700DBD109 /* ForgotPasswordViewController.swift */,
				9FAA4C6A2052788C00DBD109 /* ForgotPasswordView.swift */,
				9FAA4C632052787700DBD109 /* ForgotPasswordPresenter.swift */,
				9FAA4C622052787700DBD109 /* ForgotPasswordContract.swift */,
				9FAA4C652052787700DBD109 /* ForgotPasswordConfigurator.swift */,
			);
			path = ForgotPassword;
			sourceTree = "<group>";
		};
		9FCF0A4E2066A7D400EB86AA /* DogsListScene */ = {
			isa = PBXGroup;
			children = (
				9FCF0A4F2066A84500EB86AA /* DogsListTableViewTests.swift */,
			);
			path = DogsListScene;
			sourceTree = "<group>";
		};
		9FCF0A512066B6B400EB86AA /* AppDelegateService */ = {
			isa = PBXGroup;
			children = (
				9FCF0A522066B6BE00EB86AA /* AppDelegateServiceTests.swift */,
			);
			path = AppDelegateService;
			sourceTree = "<group>";
		};
		9FD123AF2066711200BD3DD7 /* Other */ = {
			isa = PBXGroup;
			children = (
				9FD123B02066712400BD3DD7 /* ReusableViewTests.swift */,
			);
			path = Other;
			sourceTree = "<group>";
		};
		9FD123B2206690BC00BD3DD7 /* Scenes */ = {
			isa = PBXGroup;
			children = (
				9FCF0A4E2066A7D400EB86AA /* DogsListScene */,
				9FFBAAEF20652C9000A98008 /* SignInScene */,
			);
			path = Scenes;
			sourceTree = "<group>";
		};
		9FD5E1FC204BFDE7002536E7 = {
			isa = PBXGroup;
			children = (
				9FD5E207204BFDE7002536E7 /* NiceDemo */,
				9F768D292062ADC7005BC464 /* NiceDemoTests */,
				9FD5E206204BFDE7002536E7 /* Products */,
			);
			sourceTree = "<group>";
		};
		9FD5E206204BFDE7002536E7 /* Products */ = {
			isa = PBXGroup;
			children = (
				9FD5E205204BFDE7002536E7 /* NiceDemo.app */,
				9F768D282062ADC7005BC464 /* NiceDemoTests.xctest */,
			);
			name = Products;
			sourceTree = "<group>";
		};
		9FD5E207204BFDE7002536E7 /* NiceDemo */ = {
			isa = PBXGroup;
			children = (
				9F64F63B204C15D600ED9EB4 /* Extensions */,
				9F64F63C204C15DC00ED9EB4 /* Protocols */,
				9F64F63A204C15C900ED9EB4 /* Utils */,
				9F64F63D204C15EC00ED9EB4 /* Services */,
				9F64F63E204C15FE00ED9EB4 /* Coordinators */,
				9F64F649204C1B3200ED9EB4 /* Controllers */,
				9F64F639204C15C400ED9EB4 /* Models */,
				9F64F638204C151C00ED9EB4 /* CustomViews */,
				9F091A88204D524500B580CB /* Scenes */,
				9F64F636204C14B100ED9EB4 /* SupportingFiles */,
				9F5BA4AA2062715200FF813D /* SystemFiles */,
			);
			path = NiceDemo;
			sourceTree = "<group>";
		};
		9FE95E6B2052B88C0080CBAA /* DogsList */ = {
			isa = PBXGroup;
			children = (
				9F67C5152052BF4F0031C8FB /* TableView */,
				9FE95E6E2052B8A70080CBAA /* DogsListViewController.swift */,
				9FE95E742052BCA80080CBAA /* DogsListView.swift */,
				9FE95E6D2052B8A70080CBAA /* DogsListPresenter.swift */,
				9FE95E6C2052B8A70080CBAA /* DogsListContract.swift */,
				9FE95E6F2052B8A70080CBAA /* DogsListConfigurator.swift */,
			);
			path = DogsList;
			sourceTree = "<group>";
		};
		9FFBAAEF20652C9000A98008 /* SignInScene */ = {
			isa = PBXGroup;
			children = (
				9F768D362062B950005BC464 /* SignInConfiguratorTests.swift */,
				9F768D342062AF42005BC464 /* SignInSceneTests.swift */,
			);
			path = SignInScene;
			sourceTree = "<group>";
		};
		9FFBAAF020652C9A00A98008 /* Network */ = {
			isa = PBXGroup;
			children = (
				9F768D322062AEFC005BC464 /* NetworkTests.swift */,
				9F0ACA8A206542B000BA7F74 /* ImageLoaderTests.swift */,
			);
			path = Network;
			sourceTree = "<group>";
		};
		9FFBAAF120652D6A00A98008 /* Validator */ = {
			isa = PBXGroup;
			children = (
				9FFBAAF220652D8600A98008 /* ValidatorTests.swift */,
			);
			path = Validator;
			sourceTree = "<group>";
		};
/* End PBXGroup section */

/* Begin PBXNativeTarget section */
		9F768D272062ADC7005BC464 /* NiceDemoTests */ = {
			isa = PBXNativeTarget;
			buildConfigurationList = 9F768D2F2062ADC7005BC464 /* Build configuration list for PBXNativeTarget "NiceDemoTests" */;
			buildPhases = (
				9F768D242062ADC7005BC464 /* Sources */,
				9F768D252062ADC7005BC464 /* Frameworks */,
				9F768D262062ADC7005BC464 /* Resources */,
			);
			buildRules = (
			);
			dependencies = (
				9F768D2E2062ADC7005BC464 /* PBXTargetDependency */,
			);
			name = NiceDemoTests;
			productName = NiceDemoTests;
			productReference = 9F768D282062ADC7005BC464 /* NiceDemoTests.xctest */;
			productType = "com.apple.product-type.bundle.unit-test";
		};
		9FD5E204204BFDE7002536E7 /* NiceDemo */ = {
			isa = PBXNativeTarget;
			buildConfigurationList = 9FD5E217204BFDE7002536E7 /* Build configuration list for PBXNativeTarget "NiceDemo" */;
			buildPhases = (
				9FD5E201204BFDE7002536E7 /* Sources */,
				9FD5E202204BFDE7002536E7 /* Frameworks */,
				9FD5E203204BFDE7002536E7 /* Resources */,
			);
			buildRules = (
			);
			dependencies = (
			);
			name = NiceDemo;
			productName = NiceDemo;
			productReference = 9FD5E205204BFDE7002536E7 /* NiceDemo.app */;
			productType = "com.apple.product-type.application";
		};
/* End PBXNativeTarget section */

/* Begin PBXProject section */
		9FD5E1FD204BFDE7002536E7 /* Project object */ = {
			isa = PBXProject;
			attributes = {
				LastSwiftUpdateCheck = 0920;
				LastUpgradeCheck = 1010;
				ORGANIZATIONNAME = "Serhii Kharauzov";
				TargetAttributes = {
					9F768D272062ADC7005BC464 = {
						CreatedOnToolsVersion = 9.2;
						LastSwiftMigration = 1010;
						ProvisioningStyle = Automatic;
						TestTargetID = 9FD5E204204BFDE7002536E7;
					};
					9FD5E204204BFDE7002536E7 = {
						CreatedOnToolsVersion = 9.2;
						LastSwiftMigration = 1010;
						ProvisioningStyle = Automatic;
					};
				};
			};
			buildConfigurationList = 9FD5E200204BFDE7002536E7 /* Build configuration list for PBXProject "NiceDemo" */;
			compatibilityVersion = "Xcode 8.0";
			developmentRegion = en;
			hasScannedForEncodings = 0;
			knownRegions = (
				en,
				Base,
			);
			mainGroup = 9FD5E1FC204BFDE7002536E7;
			productRefGroup = 9FD5E206204BFDE7002536E7 /* Products */;
			projectDirPath = "";
			projectRoot = "";
			targets = (
				9FD5E204204BFDE7002536E7 /* NiceDemo */,
				9F768D272062ADC7005BC464 /* NiceDemoTests */,
			);
		};
/* End PBXProject section */

/* Begin PBXResourcesBuildPhase section */
		9F768D262062ADC7005BC464 /* Resources */ = {
			isa = PBXResourcesBuildPhase;
			buildActionMask = 2147483647;
			files = (
			);
			runOnlyForDeploymentPostprocessing = 0;
		};
		9FD5E203204BFDE7002536E7 /* Resources */ = {
			isa = PBXResourcesBuildPhase;
			buildActionMask = 2147483647;
			files = (
				9FD5E213204BFDE7002536E7 /* LaunchScreen.storyboard in Resources */,
				9FD5E210204BFDE7002536E7 /* Assets.xcassets in Resources */,
			);
			runOnlyForDeploymentPostprocessing = 0;
		};
/* End PBXResourcesBuildPhase section */

/* Begin PBXSourcesBuildPhase section */
		9F768D242062ADC7005BC464 /* Sources */ = {
			isa = PBXSourcesBuildPhase;
			buildActionMask = 2147483647;
			files = (
				9F0ACA8B206542B000BA7F74 /* ImageLoaderTests.swift in Sources */,
				9FCF0A532066B6BE00EB86AA /* AppDelegateServiceTests.swift in Sources */,
				9FFBAAF320652D8600A98008 /* ValidatorTests.swift in Sources */,
				9FCF0A502066A84500EB86AA /* DogsListTableViewTests.swift in Sources */,
				9F0ACA8E206543AC00BA7F74 /* AppCoordinatorTests.swift in Sources */,
				9F768D372062B950005BC464 /* SignInConfiguratorTests.swift in Sources */,
				9F3936552065880200AFD3CD /* AuthFlowCoordinatorTests.swift in Sources */,
				9F39365920658AFC00AFD3CD /* CoordinatorTests.swift in Sources */,
				9F3E9C092066914100C1BB0D /* HUDViewTests.swift in Sources */,
				9F393657206589DC00AFD3CD /* DogsFlowCoordinatorTests.swift in Sources */,
				9FD123B12066712400BD3DD7 /* ReusableViewTests.swift in Sources */,
				9F768D352062AF42005BC464 /* SignInSceneTests.swift in Sources */,
				9F768D332062AEFC005BC464 /* NetworkTests.swift in Sources */,
			);
			runOnlyForDeploymentPostprocessing = 0;
		};
		9FD5E201204BFDE7002536E7 /* Sources */ = {
			isa = PBXSourcesBuildPhase;
			buildActionMask = 2147483647;
			files = (
				9F091AA7204D6A0000B580CB /* SignInConfigurator.swift in Sources */,
				49FC21F821D75B9500145D64 /* String+Extension.swift in Sources */,
				9F091A9C204D63E900B580CB /* DogsStorageService.swift in Sources */,
				9F5BA4A620626C8F00FF813D /* TestAppDelegate.swift in Sources */,
				9F091AAB204D6B0400B580CB /* AuthFlowCoordinator.swift in Sources */,
				9F67C5192052C3D90031C8FB /* DogsListTableViewProvider.swift in Sources */,
				9FE95E752052BCA80080CBAA /* DogsListView.swift in Sources */,
				9F091A91204D543600B580CB /* StartPresenter.swift in Sources */,
				9FE95E702052B8A70080CBAA /* DogsListContract.swift in Sources */,
				9F091AA4204D6A0000B580CB /* SignInContract.swift in Sources */,
				9F091A92204D543600B580CB /* StartViewController.swift in Sources */,
				9F495B6B2057E0130054FB4E /* BaseResponse.swift in Sources */,
				9F091AA5204D6A0000B580CB /* SignInPresenter.swift in Sources */,
				9F091A8A204D52A800B580CB /* AppCoordinator.swift in Sources */,
				9F67C51D2052C46F0031C8FB /* Dog.swift in Sources */,
				9FAA4C682052787700DBD109 /* ForgotPasswordViewController.swift in Sources */,
				9F21E811205A740D00156B30 /* GetRandomDogImageServerResponse.swift in Sources */,
				4970A26C21D4905E00D228F9 /* TableViewProvider.swift in Sources */,
				9F67C51F2052CF9F0031C8FB /* DogsFlowCoordinator.swift in Sources */,
				9F5BA4A820626CAA00FF813D /* main.swift in Sources */,
				9F9F2951205A6E7B0008F285 /* DogGalleryPresenter.swift in Sources */,
				9F091A95204D54EE00B580CB /* StartView.swift in Sources */,
				9F64F64F204C1C0400ED9EB4 /* BaseNavigationController.swift in Sources */,
				9F495B6F2057E0FB0054FB4E /* GetAllDogsServerResponse.swift in Sources */,
				9F091A90204D543600B580CB /* StartContract.swift in Sources */,
				9FE95E732052B8A70080CBAA /* DogsListConfigurator.swift in Sources */,
				9F222830205FA60D004324B6 /* Alertable.swift in Sources */,
				9FAA4C662052787700DBD109 /* ForgotPasswordContract.swift in Sources */,
				9F64F645204C194100ED9EB4 /* UIViewController+Extension.swift in Sources */,
				9FD5E209204BFDE7002536E7 /* AppDelegate.swift in Sources */,
				9F495B672057D9AD0054FB4E /* DogsServerService.swift in Sources */,
				9FE95E722052B8A70080CBAA /* DogsListViewController.swift in Sources */,
				9F64F641204C17DC00ED9EB4 /* ReusableView.swift in Sources */,
				9FB14B4920591A6100EA64EF /* UrlSessionService.swift in Sources */,
				9F091A99204D63DA00B580CB /* UserCredentialsStorageService.swift in Sources */,
				9F64F646204C194100ED9EB4 /* UIView+Extension.swift in Sources */,
				9F9F2953205A6E7B0008F285 /* DogGalleryConfigurator.swift in Sources */,
				9FE95E712052B8A70080CBAA /* DogsListPresenter.swift in Sources */,
				4970A26E21D4907B00D228F9 /* CollectionViewProvider.swift in Sources */,
				9F091AA9204D6A6100B580CB /* SignInView.swift in Sources */,
				4970A27221D4B2FE00D228F9 /* UIColor+Extension.swift in Sources */,
				9F9F2952205A6E7B0008F285 /* DogGalleryViewController.swift in Sources */,
				9F091AA6204D6A0000B580CB /* SignInViewController.swift in Sources */,
				9F67C5172052BF7C0031C8FB /* DogBreedTableViewCell.swift in Sources */,
				9F21E80F205A6F1800156B30 /* DogGalleryView.swift in Sources */,
				9F21E814205A82C200156B30 /* SimpleImageLoader.swift in Sources */,
				9FAA4C672052787700DBD109 /* ForgotPasswordPresenter.swift in Sources */,
				9F64F659204C465C00ED9EB4 /* UserDefaultsLayer.swift in Sources */,
				9F32C976205A608D00F5C3CA /* ServerService.swift in Sources */,
				9F64F65B204C467900ED9EB4 /* AppDelegateService.swift in Sources */,
				9FB14B4B2059202800EA64EF /* Result.swift in Sources */,
				9F64F642204C17DC00ED9EB4 /* Coordinator.swift in Sources */,
				9F6C2C96205FB12F008E5F7F /* HUDDisplayable.swift in Sources */,
				4970A27021D4949400D228F9 /* DogDescriptionFormatter.swift in Sources */,
				9F8008C8205BCBB600F64C5C /* HUDView.swift in Sources */,
				9FAA4C692052787700DBD109 /* ForgotPasswordConfigurator.swift in Sources */,
				9F091A93204D543600B580CB /* StartConfigurator.swift in Sources */,
				9F3776552050328400E9BB0A /* Validator.swift in Sources */,
				9F9F2950205A6E7B0008F285 /* DogGalleryContract.swift in Sources */,
				9F64F64C204C1B4E00ED9EB4 /* BaseViewController.swift in Sources */,
				9FAA4C6B2052788C00DBD109 /* ForgotPasswordView.swift in Sources */,
				9F64F648204C19EF00ED9EB4 /* Utils.swift in Sources */,
				9F495B642057CE840054FB4E /* ServerRouter.swift in Sources */,
			);
			runOnlyForDeploymentPostprocessing = 0;
		};
/* End PBXSourcesBuildPhase section */

/* Begin PBXTargetDependency section */
		9F768D2E2062ADC7005BC464 /* PBXTargetDependency */ = {
			isa = PBXTargetDependency;
			target = 9FD5E204204BFDE7002536E7 /* NiceDemo */;
			targetProxy = 9F768D2D2062ADC7005BC464 /* PBXContainerItemProxy */;
		};
/* End PBXTargetDependency section */

/* Begin PBXVariantGroup section */
		9FD5E211204BFDE7002536E7 /* LaunchScreen.storyboard */ = {
			isa = PBXVariantGroup;
			children = (
				9FD5E212204BFDE7002536E7 /* Base */,
			);
			name = LaunchScreen.storyboard;
			sourceTree = "<group>";
		};
/* End PBXVariantGroup section */

/* Begin XCBuildConfiguration section */
		9F768D302062ADC7005BC464 /* Debug */ = {
			isa = XCBuildConfiguration;
			buildSettings = {
				BUNDLE_LOADER = "$(TEST_HOST)";
				CLANG_ENABLE_MODULES = YES;
				CODE_SIGN_STYLE = Automatic;
				INFOPLIST_FILE = NiceDemoTests/Info.plist;
				LD_RUNPATH_SEARCH_PATHS = "$(inherited) @executable_path/Frameworks @loader_path/Frameworks";
				PRODUCT_BUNDLE_IDENTIFIER = "Serhii-Kharauzov.NiceDemoTests";
				PRODUCT_NAME = "$(TARGET_NAME)";
				SWIFT_OPTIMIZATION_LEVEL = "-Onone";
				SWIFT_VERSION = 4.2;
				TARGETED_DEVICE_FAMILY = "1,2";
				TEST_HOST = "$(BUILT_PRODUCTS_DIR)/NiceDemo.app/NiceDemo";
			};
			name = Debug;
		};
		9F768D312062ADC7005BC464 /* Release */ = {
			isa = XCBuildConfiguration;
			buildSettings = {
				BUNDLE_LOADER = "$(TEST_HOST)";
				CLANG_ENABLE_MODULES = YES;
				CODE_SIGN_STYLE = Automatic;
				INFOPLIST_FILE = NiceDemoTests/Info.plist;
				LD_RUNPATH_SEARCH_PATHS = "$(inherited) @executable_path/Frameworks @loader_path/Frameworks";
				PRODUCT_BUNDLE_IDENTIFIER = "Serhii-Kharauzov.NiceDemoTests";
				PRODUCT_NAME = "$(TARGET_NAME)";
				SWIFT_VERSION = 4.2;
				TARGETED_DEVICE_FAMILY = "1,2";
				TEST_HOST = "$(BUILT_PRODUCTS_DIR)/NiceDemo.app/NiceDemo";
			};
			name = Release;
		};
		9FD5E215204BFDE7002536E7 /* Debug */ = {
			isa = XCBuildConfiguration;
			buildSettings = {
				ALWAYS_SEARCH_USER_PATHS = NO;
				CLANG_ANALYZER_NONNULL = YES;
				CLANG_ANALYZER_NUMBER_OBJECT_CONVERSION = YES_AGGRESSIVE;
				CLANG_CXX_LANGUAGE_STANDARD = "gnu++14";
				CLANG_CXX_LIBRARY = "libc++";
				CLANG_ENABLE_MODULES = YES;
				CLANG_ENABLE_OBJC_ARC = YES;
				CLANG_WARN_BLOCK_CAPTURE_AUTORELEASING = YES;
				CLANG_WARN_BOOL_CONVERSION = YES;
				CLANG_WARN_COMMA = YES;
				CLANG_WARN_CONSTANT_CONVERSION = YES;
				CLANG_WARN_DEPRECATED_OBJC_IMPLEMENTATIONS = YES;
				CLANG_WARN_DIRECT_OBJC_ISA_USAGE = YES_ERROR;
				CLANG_WARN_DOCUMENTATION_COMMENTS = YES;
				CLANG_WARN_EMPTY_BODY = YES;
				CLANG_WARN_ENUM_CONVERSION = YES;
				CLANG_WARN_INFINITE_RECURSION = YES;
				CLANG_WARN_INT_CONVERSION = YES;
				CLANG_WARN_NON_LITERAL_NULL_CONVERSION = YES;
				CLANG_WARN_OBJC_IMPLICIT_RETAIN_SELF = YES;
				CLANG_WARN_OBJC_LITERAL_CONVERSION = YES;
				CLANG_WARN_OBJC_ROOT_CLASS = YES_ERROR;
				CLANG_WARN_RANGE_LOOP_ANALYSIS = YES;
				CLANG_WARN_STRICT_PROTOTYPES = YES;
				CLANG_WARN_SUSPICIOUS_MOVE = YES;
				CLANG_WARN_UNGUARDED_AVAILABILITY = YES_AGGRESSIVE;
				CLANG_WARN_UNREACHABLE_CODE = YES;
				CLANG_WARN__DUPLICATE_METHOD_MATCH = YES;
				CODE_SIGN_IDENTITY = "iPhone Developer";
				COPY_PHASE_STRIP = NO;
				DEBUG_INFORMATION_FORMAT = dwarf;
				ENABLE_STRICT_OBJC_MSGSEND = YES;
				ENABLE_TESTABILITY = YES;
				GCC_C_LANGUAGE_STANDARD = gnu11;
				GCC_DYNAMIC_NO_PIC = NO;
				GCC_NO_COMMON_BLOCKS = YES;
				GCC_OPTIMIZATION_LEVEL = 0;
				GCC_PREPROCESSOR_DEFINITIONS = (
					"DEBUG=1",
					"$(inherited)",
				);
				GCC_WARN_64_TO_32_BIT_CONVERSION = YES;
				GCC_WARN_ABOUT_RETURN_TYPE = YES_ERROR;
				GCC_WARN_UNDECLARED_SELECTOR = YES;
				GCC_WARN_UNINITIALIZED_AUTOS = YES_AGGRESSIVE;
				GCC_WARN_UNUSED_FUNCTION = YES;
				GCC_WARN_UNUSED_VARIABLE = YES;
				IPHONEOS_DEPLOYMENT_TARGET = 11.2;
				MTL_ENABLE_DEBUG_INFO = YES;
				ONLY_ACTIVE_ARCH = YES;
				SDKROOT = iphoneos;
				SWIFT_ACTIVE_COMPILATION_CONDITIONS = DEBUG;
				SWIFT_OPTIMIZATION_LEVEL = "-Onone";
			};
			name = Debug;
		};
		9FD5E216204BFDE7002536E7 /* Release */ = {
			isa = XCBuildConfiguration;
			buildSettings = {
				ALWAYS_SEARCH_USER_PATHS = NO;
				CLANG_ANALYZER_NONNULL = YES;
				CLANG_ANALYZER_NUMBER_OBJECT_CONVERSION = YES_AGGRESSIVE;
				CLANG_CXX_LANGUAGE_STANDARD = "gnu++14";
				CLANG_CXX_LIBRARY = "libc++";
				CLANG_ENABLE_MODULES = YES;
				CLANG_ENABLE_OBJC_ARC = YES;
				CLANG_WARN_BLOCK_CAPTURE_AUTORELEASING = YES;
				CLANG_WARN_BOOL_CONVERSION = YES;
				CLANG_WARN_COMMA = YES;
				CLANG_WARN_CONSTANT_CONVERSION = YES;
				CLANG_WARN_DEPRECATED_OBJC_IMPLEMENTATIONS = YES;
				CLANG_WARN_DIRECT_OBJC_ISA_USAGE = YES_ERROR;
				CLANG_WARN_DOCUMENTATION_COMMENTS = YES;
				CLANG_WARN_EMPTY_BODY = YES;
				CLANG_WARN_ENUM_CONVERSION = YES;
				CLANG_WARN_INFINITE_RECURSION = YES;
				CLANG_WARN_INT_CONVERSION = YES;
				CLANG_WARN_NON_LITERAL_NULL_CONVERSION = YES;
				CLANG_WARN_OBJC_IMPLICIT_RETAIN_SELF = YES;
				CLANG_WARN_OBJC_LITERAL_CONVERSION = YES;
				CLANG_WARN_OBJC_ROOT_CLASS = YES_ERROR;
				CLANG_WARN_RANGE_LOOP_ANALYSIS = YES;
				CLANG_WARN_STRICT_PROTOTYPES = YES;
				CLANG_WARN_SUSPICIOUS_MOVE = YES;
				CLANG_WARN_UNGUARDED_AVAILABILITY = YES_AGGRESSIVE;
				CLANG_WARN_UNREACHABLE_CODE = YES;
				CLANG_WARN__DUPLICATE_METHOD_MATCH = YES;
				CODE_SIGN_IDENTITY = "iPhone Developer";
				COPY_PHASE_STRIP = NO;
				DEBUG_INFORMATION_FORMAT = "dwarf-with-dsym";
				ENABLE_NS_ASSERTIONS = NO;
				ENABLE_STRICT_OBJC_MSGSEND = YES;
				GCC_C_LANGUAGE_STANDARD = gnu11;
				GCC_NO_COMMON_BLOCKS = YES;
				GCC_WARN_64_TO_32_BIT_CONVERSION = YES;
				GCC_WARN_ABOUT_RETURN_TYPE = YES_ERROR;
				GCC_WARN_UNDECLARED_SELECTOR = YES;
				GCC_WARN_UNINITIALIZED_AUTOS = YES_AGGRESSIVE;
				GCC_WARN_UNUSED_FUNCTION = YES;
				GCC_WARN_UNUSED_VARIABLE = YES;
				IPHONEOS_DEPLOYMENT_TARGET = 11.2;
				MTL_ENABLE_DEBUG_INFO = NO;
				SDKROOT = iphoneos;
				SWIFT_OPTIMIZATION_LEVEL = "-Owholemodule";
				VALIDATE_PRODUCT = YES;
			};
			name = Release;
		};
		9FD5E218204BFDE7002536E7 /* Debug */ = {
			isa = XCBuildConfiguration;
			buildSettings = {
				ASSETCATALOG_COMPILER_APPICON_NAME = AppIcon;
				CODE_SIGN_STYLE = Automatic;
				DEVELOPMENT_TEAM = B375T6ZNZC;
				INFOPLIST_FILE = "$(SRCROOT)/NiceDemo/SupportingFiles/Info.plist";
				IPHONEOS_DEPLOYMENT_TARGET = 9.0;
				LD_RUNPATH_SEARCH_PATHS = "$(inherited) @executable_path/Frameworks";
				PRODUCT_BUNDLE_IDENTIFIER = lollipop.NiceDemo;
				PRODUCT_NAME = "$(TARGET_NAME)";
				SWIFT_VERSION = 4.2;
				TARGETED_DEVICE_FAMILY = "1,2";
			};
			name = Debug;
		};
		9FD5E219204BFDE7002536E7 /* Release */ = {
			isa = XCBuildConfiguration;
			buildSettings = {
				ASSETCATALOG_COMPILER_APPICON_NAME = AppIcon;
				CODE_SIGN_STYLE = Automatic;
				DEVELOPMENT_TEAM = B375T6ZNZC;
				INFOPLIST_FILE = "$(SRCROOT)/NiceDemo/SupportingFiles/Info.plist";
				IPHONEOS_DEPLOYMENT_TARGET = 9.0;
				LD_RUNPATH_SEARCH_PATHS = "$(inherited) @executable_path/Frameworks";
				PRODUCT_BUNDLE_IDENTIFIER = lollipop.NiceDemo;
				PRODUCT_NAME = "$(TARGET_NAME)";
				SWIFT_VERSION = 4.2;
				TARGETED_DEVICE_FAMILY = "1,2";
			};
			name = Release;
		};
/* End XCBuildConfiguration section */

/* Begin XCConfigurationList section */
		9F768D2F2062ADC7005BC464 /* Build configuration list for PBXNativeTarget "NiceDemoTests" */ = {
			isa = XCConfigurationList;
			buildConfigurations = (
				9F768D302062ADC7005BC464 /* Debug */,
				9F768D312062ADC7005BC464 /* Release */,
			);
			defaultConfigurationIsVisible = 0;
			defaultConfigurationName = Release;
		};
		9FD5E200204BFDE7002536E7 /* Build configuration list for PBXProject "NiceDemo" */ = {
			isa = XCConfigurationList;
			buildConfigurations = (
				9FD5E215204BFDE7002536E7 /* Debug */,
				9FD5E216204BFDE7002536E7 /* Release */,
			);
			defaultConfigurationIsVisible = 0;
			defaultConfigurationName = Release;
		};
		9FD5E217204BFDE7002536E7 /* Build configuration list for PBXNativeTarget "NiceDemo" */ = {
			isa = XCConfigurationList;
			buildConfigurations = (
				9FD5E218204BFDE7002536E7 /* Debug */,
				9FD5E219204BFDE7002536E7 /* Release */,
			);
			defaultConfigurationIsVisible = 0;
			defaultConfigurationName = Release;
		};
/* End XCConfigurationList section */
	};
	rootObject = 9FD5E1FD204BFDE7002536E7 /* Project object */;
}
