// !$*UTF8*$!
{
	archiveVersion = 1;
	classes = {
	};
	objectVersion = 48;
	objects = {

/* Begin PBXBuildFile section */
		9F091A8A204D52A800B580CB /* AppCoordinator.swift in Sources */ = {isa = PBXBuildFile; fileRef = 9F091A89204D52A800B580CB /* AppCoordinator.swift */; };
		9F091A90204D543600B580CB /* StartContract.swift in Sources */ = {isa = PBXBuildFile; fileRef = 9F091A8C204D543600B580CB /* StartContract.swift */; };
		9F091A91204D543600B580CB /* StartPresenter.swift in Sources */ = {isa = PBXBuildFile; fileRef = 9F091A8D204D543600B580CB /* StartPresenter.swift */; };
		9F091A92204D543600B580CB /* StartViewController.swift in Sources */ = {isa = PBXBuildFile; fileRef = 9F091A8E204D543600B580CB /* StartViewController.swift */; };
		9F091A93204D543600B580CB /* StartConfigurator.swift in Sources */ = {isa = PBXBuildFile; fileRef = 9F091A8F204D543600B580CB /* StartConfigurator.swift */; };
		9F091A95204D54EE00B580CB /* StartView.swift in Sources */ = {isa = PBXBuildFile; fileRef = 9F091A94204D54EE00B580CB /* StartView.swift */; };
		9F091A99204D63DA00B580CB /* UserCredentialsStorageService.swift in Sources */ = {isa = PBXBuildFile; fileRef = 9F091A98204D63DA00B580CB /* UserCredentialsStorageService.swift */; };
		9F091A9C204D63E900B580CB /* DogsStorageService.swift in Sources */ = {isa = PBXBuildFile; fileRef = 9F091A9B204D63E900B580CB /* DogsStorageService.swift */; };
		9F091AA4204D6A0000B580CB /* SignInContract.swift in Sources */ = {isa = PBXBuildFile; fileRef = 9F091AA0204D6A0000B580CB /* SignInContract.swift */; };
		9F091AA5204D6A0000B580CB /* SignInPresenter.swift in Sources */ = {isa = PBXBuildFile; fileRef = 9F091AA1204D6A0000B580CB /* SignInPresenter.swift */; };
		9F091AA6204D6A0000B580CB /* SignInViewController.swift in Sources */ = {isa = PBXBuildFile; fileRef = 9F091AA2204D6A0000B580CB /* SignInViewController.swift */; };
		9F091AA7204D6A0000B580CB /* SignInConfigurator.swift in Sources */ = {isa = PBXBuildFile; fileRef = 9F091AA3204D6A0000B580CB /* SignInConfigurator.swift */; };
		9F091AA9204D6A6100B580CB /* SignInView.swift in Sources */ = {isa = PBXBuildFile; fileRef = 9F091AA8204D6A6100B580CB /* SignInView.swift */; };
		9F091AAB204D6B0400B580CB /* AuthFlowCoordinator.swift in Sources */ = {isa = PBXBuildFile; fileRef = 9F091AAA204D6B0400B580CB /* AuthFlowCoordinator.swift */; };
		9F3776552050328400E9BB0A /* Validator.swift in Sources */ = {isa = PBXBuildFile; fileRef = 9F3776542050328400E9BB0A /* Validator.swift */; };
		9F64F641204C17DC00ED9EB4 /* ReusableView.swift in Sources */ = {isa = PBXBuildFile; fileRef = 9F64F63F204C17DC00ED9EB4 /* ReusableView.swift */; };
		9F64F642204C17DC00ED9EB4 /* Coordinator.swift in Sources */ = {isa = PBXBuildFile; fileRef = 9F64F640204C17DC00ED9EB4 /* Coordinator.swift */; };
		9F64F645204C194100ED9EB4 /* UIViewController+Extension.swift in Sources */ = {isa = PBXBuildFile; fileRef = 9F64F643204C194100ED9EB4 /* UIViewController+Extension.swift */; };
		9F64F646204C194100ED9EB4 /* UIView+Extension.swift in Sources */ = {isa = PBXBuildFile; fileRef = 9F64F644204C194100ED9EB4 /* UIView+Extension.swift */; };
		9F64F648204C19EF00ED9EB4 /* Utils.swift in Sources */ = {isa = PBXBuildFile; fileRef = 9F64F647204C19EF00ED9EB4 /* Utils.swift */; };
		9F64F64C204C1B4E00ED9EB4 /* BaseViewController.swift in Sources */ = {isa = PBXBuildFile; fileRef = 9F64F64B204C1B4E00ED9EB4 /* BaseViewController.swift */; };
		9F64F64F204C1C0400ED9EB4 /* BaseNavigationController.swift in Sources */ = {isa = PBXBuildFile; fileRef = 9F64F64E204C1C0400ED9EB4 /* BaseNavigationController.swift */; };
		9F64F659204C465C00ED9EB4 /* UserDefaultsLayer.swift in Sources */ = {isa = PBXBuildFile; fileRef = 9F64F658204C465C00ED9EB4 /* UserDefaultsLayer.swift */; };
		9F64F65B204C467900ED9EB4 /* AppDelegateService.swift in Sources */ = {isa = PBXBuildFile; fileRef = 9F64F65A204C467900ED9EB4 /* AppDelegateService.swift */; };
		9FD5E209204BFDE7002536E7 /* AppDelegate.swift in Sources */ = {isa = PBXBuildFile; fileRef = 9FD5E208204BFDE7002536E7 /* AppDelegate.swift */; };
		9FD5E210204BFDE7002536E7 /* Assets.xcassets in Resources */ = {isa = PBXBuildFile; fileRef = 9FD5E20F204BFDE7002536E7 /* Assets.xcassets */; };
		9FD5E213204BFDE7002536E7 /* LaunchScreen.storyboard in Resources */ = {isa = PBXBuildFile; fileRef = 9FD5E211204BFDE7002536E7 /* LaunchScreen.storyboard */; };
/* End PBXBuildFile section */

/* Begin PBXFileReference section */
		9F091A89204D52A800B580CB /* AppCoordinator.swift */ = {isa = PBXFileReference; lastKnownFileType = sourcecode.swift; path = AppCoordinator.swift; sourceTree = "<group>"; };
		9F091A8C204D543600B580CB /* StartContract.swift */ = {isa = PBXFileReference; lastKnownFileType = sourcecode.swift; path = StartContract.swift; sourceTree = "<group>"; };
		9F091A8D204D543600B580CB /* StartPresenter.swift */ = {isa = PBXFileReference; lastKnownFileType = sourcecode.swift; path = StartPresenter.swift; sourceTree = "<group>"; };
		9F091A8E204D543600B580CB /* StartViewController.swift */ = {isa = PBXFileReference; lastKnownFileType = sourcecode.swift; path = StartViewController.swift; sourceTree = "<group>"; };
		9F091A8F204D543600B580CB /* StartConfigurator.swift */ = {isa = PBXFileReference; lastKnownFileType = sourcecode.swift; path = StartConfigurator.swift; sourceTree = "<group>"; };
		9F091A94204D54EE00B580CB /* StartView.swift */ = {isa = PBXFileReference; lastKnownFileType = sourcecode.swift; path = StartView.swift; sourceTree = "<group>"; };
		9F091A98204D63DA00B580CB /* UserCredentialsStorageService.swift */ = {isa = PBXFileReference; lastKnownFileType = sourcecode.swift; path = UserCredentialsStorageService.swift; sourceTree = "<group>"; };
		9F091A9B204D63E900B580CB /* DogsStorageService.swift */ = {isa = PBXFileReference; lastKnownFileType = sourcecode.swift; path = DogsStorageService.swift; sourceTree = "<group>"; };
		9F091AA0204D6A0000B580CB /* SignInContract.swift */ = {isa = PBXFileReference; lastKnownFileType = sourcecode.swift; path = SignInContract.swift; sourceTree = "<group>"; };
		9F091AA1204D6A0000B580CB /* SignInPresenter.swift */ = {isa = PBXFileReference; lastKnownFileType = sourcecode.swift; path = SignInPresenter.swift; sourceTree = "<group>"; };
		9F091AA2204D6A0000B580CB /* SignInViewController.swift */ = {isa = PBXFileReference; lastKnownFileType = sourcecode.swift; path = SignInViewController.swift; sourceTree = "<group>"; };
		9F091AA3204D6A0000B580CB /* SignInConfigurator.swift */ = {isa = PBXFileReference; lastKnownFileType = sourcecode.swift; path = SignInConfigurator.swift; sourceTree = "<group>"; };
		9F091AA8204D6A6100B580CB /* SignInView.swift */ = {isa = PBXFileReference; lastKnownFileType = sourcecode.swift; path = SignInView.swift; sourceTree = "<group>"; };
		9F091AAA204D6B0400B580CB /* AuthFlowCoordinator.swift */ = {isa = PBXFileReference; lastKnownFileType = sourcecode.swift; path = AuthFlowCoordinator.swift; sourceTree = "<group>"; };
		9F3776542050328400E9BB0A /* Validator.swift */ = {isa = PBXFileReference; lastKnownFileType = sourcecode.swift; path = Validator.swift; sourceTree = "<group>"; };
		9F64F63F204C17DC00ED9EB4 /* ReusableView.swift */ = {isa = PBXFileReference; fileEncoding = 4; lastKnownFileType = sourcecode.swift; path = ReusableView.swift; sourceTree = "<group>"; };
		9F64F640204C17DC00ED9EB4 /* Coordinator.swift */ = {isa = PBXFileReference; fileEncoding = 4; lastKnownFileType = sourcecode.swift; path = Coordinator.swift; sourceTree = "<group>"; };
		9F64F643204C194100ED9EB4 /* UIViewController+Extension.swift */ = {isa = PBXFileReference; fileEncoding = 4; lastKnownFileType = sourcecode.swift; path = "UIViewController+Extension.swift"; sourceTree = "<group>"; };
		9F64F644204C194100ED9EB4 /* UIView+Extension.swift */ = {isa = PBXFileReference; fileEncoding = 4; lastKnownFileType = sourcecode.swift; path = "UIView+Extension.swift"; sourceTree = "<group>"; };
		9F64F647204C19EF00ED9EB4 /* Utils.swift */ = {isa = PBXFileReference; fileEncoding = 4; lastKnownFileType = sourcecode.swift; path = Utils.swift; sourceTree = "<group>"; };
		9F64F64B204C1B4E00ED9EB4 /* BaseViewController.swift */ = {isa = PBXFileReference; lastKnownFileType = sourcecode.swift; path = BaseViewController.swift; sourceTree = "<group>"; };
		9F64F64E204C1C0400ED9EB4 /* BaseNavigationController.swift */ = {isa = PBXFileReference; lastKnownFileType = sourcecode.swift; path = BaseNavigationController.swift; sourceTree = "<group>"; };
		9F64F658204C465C00ED9EB4 /* UserDefaultsLayer.swift */ = {isa = PBXFileReference; fileEncoding = 4; lastKnownFileType = sourcecode.swift; path = UserDefaultsLayer.swift; sourceTree = "<group>"; };
		9F64F65A204C467900ED9EB4 /* AppDelegateService.swift */ = {isa = PBXFileReference; fileEncoding = 4; lastKnownFileType = sourcecode.swift; path = AppDelegateService.swift; sourceTree = "<group>"; };
		9FD5E205204BFDE7002536E7 /* NiceDemo.app */ = {isa = PBXFileReference; explicitFileType = wrapper.application; includeInIndex = 0; path = NiceDemo.app; sourceTree = BUILT_PRODUCTS_DIR; };
		9FD5E208204BFDE7002536E7 /* AppDelegate.swift */ = {isa = PBXFileReference; lastKnownFileType = sourcecode.swift; path = AppDelegate.swift; sourceTree = "<group>"; };
		9FD5E20F204BFDE7002536E7 /* Assets.xcassets */ = {isa = PBXFileReference; lastKnownFileType = folder.assetcatalog; path = Assets.xcassets; sourceTree = "<group>"; };
		9FD5E212204BFDE7002536E7 /* Base */ = {isa = PBXFileReference; lastKnownFileType = file.storyboard; name = Base; path = Base.lproj/LaunchScreen.storyboard; sourceTree = "<group>"; };
		9FD5E214204BFDE7002536E7 /* Info.plist */ = {isa = PBXFileReference; lastKnownFileType = text.plist.xml; path = Info.plist; sourceTree = "<group>"; };
/* End PBXFileReference section */

/* Begin PBXFrameworksBuildPhase section */
		9FD5E202204BFDE7002536E7 /* Frameworks */ = {
			isa = PBXFrameworksBuildPhase;
			buildActionMask = 2147483647;
			files = (
			);
			runOnlyForDeploymentPostprocessing = 0;
		};
/* End PBXFrameworksBuildPhase section */

/* Begin PBXGroup section */
		9F091A88204D524500B580CB /* Scenes */ = {
			isa = PBXGroup;
			children = (
				9F091A9E204D69D600B580CB /* Dogs Flow */,
				9F091A9D204D69CE00B580CB /* Auth Flow */,
				9F091A8B204D542C00B580CB /* Start Scene */,
			);
			path = Scenes;
			sourceTree = "<group>";
		};
		9F091A8B204D542C00B580CB /* Start Scene */ = {
			isa = PBXGroup;
			children = (
				9F091A8E204D543600B580CB /* StartViewController.swift */,
				9F091A94204D54EE00B580CB /* StartView.swift */,
				9F091A8D204D543600B580CB /* StartPresenter.swift */,
				9F091A8C204D543600B580CB /* StartContract.swift */,
				9F091A8F204D543600B580CB /* StartConfigurator.swift */,
			);
			path = "Start Scene";
			sourceTree = "<group>";
		};
		9F091A96204D63A700B580CB /* Local Storage */ = {
			isa = PBXGroup;
			children = (
				9F091A9A204D63DF00B580CB /* DogsStorageService */,
				9F091A97204D63BB00B580CB /* UserCredentialsStorageService */,
			);
			path = "Local Storage";
			sourceTree = "<group>";
		};
		9F091A97204D63BB00B580CB /* UserCredentialsStorageService */ = {
			isa = PBXGroup;
			children = (
				9F091A98204D63DA00B580CB /* UserCredentialsStorageService.swift */,
			);
			path = UserCredentialsStorageService;
			sourceTree = "<group>";
		};
		9F091A9A204D63DF00B580CB /* DogsStorageService */ = {
			isa = PBXGroup;
			children = (
				9F091A9B204D63E900B580CB /* DogsStorageService.swift */,
			);
			path = DogsStorageService;
			sourceTree = "<group>";
		};
		9F091A9D204D69CE00B580CB /* Auth Flow */ = {
			isa = PBXGroup;
			children = (
				9F091A9F204D69F300B580CB /* SignIn Scene */,
			);
			path = "Auth Flow";
			sourceTree = "<group>";
		};
		9F091A9E204D69D600B580CB /* Dogs Flow */ = {
			isa = PBXGroup;
			children = (
			);
			path = "Dogs Flow";
			sourceTree = "<group>";
		};
		9F091A9F204D69F300B580CB /* SignIn Scene */ = {
			isa = PBXGroup;
			children = (
				9F091AA2204D6A0000B580CB /* SignInViewController.swift */,
				9F091AA8204D6A6100B580CB /* SignInView.swift */,
				9F091AA1204D6A0000B580CB /* SignInPresenter.swift */,
				9F091AA0204D6A0000B580CB /* SignInContract.swift */,
				9F091AA3204D6A0000B580CB /* SignInConfigurator.swift */,
			);
			path = "SignIn Scene";
			sourceTree = "<group>";
		};
		9F3776532050327200E9BB0A /* Validator */ = {
			isa = PBXGroup;
			children = (
				9F3776542050328400E9BB0A /* Validator.swift */,
			);
			path = Validator;
			sourceTree = "<group>";
		};
		9F64F636204C14B100ED9EB4 /* Supporting files */ = {
			isa = PBXGroup;
			children = (
				9FD5E20F204BFDE7002536E7 /* Assets.xcassets */,
				9FD5E211204BFDE7002536E7 /* LaunchScreen.storyboard */,
				9FD5E214204BFDE7002536E7 /* Info.plist */,
			);
			path = "Supporting files";
			sourceTree = "<group>";
		};
		9F64F638204C151C00ED9EB4 /* Custom Views */ = {
			isa = PBXGroup;
			children = (
			);
			path = "Custom Views";
			sourceTree = "<group>";
		};
		9F64F639204C15C400ED9EB4 /* Models */ = {
			isa = PBXGroup;
			children = (
			);
			path = Models;
			sourceTree = "<group>";
		};
		9F64F63A204C15C900ED9EB4 /* Utils */ = {
			isa = PBXGroup;
			children = (
				9F64F647204C19EF00ED9EB4 /* Utils.swift */,
			);
			path = Utils;
			sourceTree = "<group>";
		};
		9F64F63B204C15D600ED9EB4 /* Extensions */ = {
			isa = PBXGroup;
			children = (
				9F64F644204C194100ED9EB4 /* UIView+Extension.swift */,
				9F64F643204C194100ED9EB4 /* UIViewController+Extension.swift */,
			);
			path = Extensions;
			sourceTree = "<group>";
		};
		9F64F63C204C15DC00ED9EB4 /* Protocols */ = {
			isa = PBXGroup;
			children = (
				9F64F63F204C17DC00ED9EB4 /* ReusableView.swift */,
				9F64F640204C17DC00ED9EB4 /* Coordinator.swift */,
			);
			path = Protocols;
			sourceTree = "<group>";
		};
		9F64F63D204C15EC00ED9EB4 /* Services */ = {
			isa = PBXGroup;
			children = (
				9F3776532050327200E9BB0A /* Validator */,
				9F091A96204D63A700B580CB /* Local Storage */,
				9F64F657204C463C00ED9EB4 /* AppDelegateService */,
				9F64F656204C463100ED9EB4 /* UserDefaults */,
			);
			path = Services;
			sourceTree = "<group>";
		};
		9F64F63E204C15FE00ED9EB4 /* Coordinators */ = {
			isa = PBXGroup;
			children = (
				9F091A89204D52A800B580CB /* AppCoordinator.swift */,
				9F091AAA204D6B0400B580CB /* AuthFlowCoordinator.swift */,
			);
			path = Coordinators;
			sourceTree = "<group>";
		};
		9F64F649204C1B3200ED9EB4 /* Controllers */ = {
			isa = PBXGroup;
			children = (
				9F64F64D204C1BEF00ED9EB4 /* BaseNavigationController */,
				9F64F64A204C1B4000ED9EB4 /* BaseViewController */,
			);
			path = Controllers;
			sourceTree = "<group>";
		};
		9F64F64A204C1B4000ED9EB4 /* BaseViewController */ = {
			isa = PBXGroup;
			children = (
				9F64F64B204C1B4E00ED9EB4 /* BaseViewController.swift */,
			);
			path = BaseViewController;
			sourceTree = "<group>";
		};
		9F64F64D204C1BEF00ED9EB4 /* BaseNavigationController */ = {
			isa = PBXGroup;
			children = (
				9F64F64E204C1C0400ED9EB4 /* BaseNavigationController.swift */,
			);
			path = BaseNavigationController;
			sourceTree = "<group>";
		};
		9F64F656204C463100ED9EB4 /* UserDefaults */ = {
			isa = PBXGroup;
			children = (
				9F64F658204C465C00ED9EB4 /* UserDefaultsLayer.swift */,
			);
			path = UserDefaults;
			sourceTree = "<group>";
		};
		9F64F657204C463C00ED9EB4 /* AppDelegateService */ = {
			isa = PBXGroup;
			children = (
				9F64F65A204C467900ED9EB4 /* AppDelegateService.swift */,
			);
			path = AppDelegateService;
			sourceTree = "<group>";
		};
		9FD5E1FC204BFDE7002536E7 = {
			isa = PBXGroup;
			children = (
				9FD5E207204BFDE7002536E7 /* NiceDemo */,
				9FD5E206204BFDE7002536E7 /* Products */,
			);
			sourceTree = "<group>";
		};
		9FD5E206204BFDE7002536E7 /* Products */ = {
			isa = PBXGroup;
			children = (
				9FD5E205204BFDE7002536E7 /* NiceDemo.app */,
			);
			name = Products;
			sourceTree = "<group>";
		};
		9FD5E207204BFDE7002536E7 /* NiceDemo */ = {
			isa = PBXGroup;
			children = (
				9F64F63B204C15D600ED9EB4 /* Extensions */,
				9F64F63C204C15DC00ED9EB4 /* Protocols */,
				9F64F63A204C15C900ED9EB4 /* Utils */,
				9F64F63D204C15EC00ED9EB4 /* Services */,
				9F64F63E204C15FE00ED9EB4 /* Coordinators */,
				9F64F649204C1B3200ED9EB4 /* Controllers */,
				9F64F639204C15C400ED9EB4 /* Models */,
				9F64F638204C151C00ED9EB4 /* Custom Views */,
				9F091A88204D524500B580CB /* Scenes */,
				9FD5E208204BFDE7002536E7 /* AppDelegate.swift */,
				9F64F636204C14B100ED9EB4 /* Supporting files */,
			);
			path = NiceDemo;
			sourceTree = "<group>";
		};
/* End PBXGroup section */

/* Begin PBXNativeTarget section */
		9FD5E204204BFDE7002536E7 /* NiceDemo */ = {
			isa = PBXNativeTarget;
			buildConfigurationList = 9FD5E217204BFDE7002536E7 /* Build configuration list for PBXNativeTarget "NiceDemo" */;
			buildPhases = (
				9FD5E201204BFDE7002536E7 /* Sources */,
				9FD5E202204BFDE7002536E7 /* Frameworks */,
				9FD5E203204BFDE7002536E7 /* Resources */,
			);
			buildRules = (
			);
			dependencies = (
			);
			name = NiceDemo;
			productName = NiceDemo;
			productReference = 9FD5E205204BFDE7002536E7 /* NiceDemo.app */;
			productType = "com.apple.product-type.application";
		};
/* End PBXNativeTarget section */

/* Begin PBXProject section */
		9FD5E1FD204BFDE7002536E7 /* Project object */ = {
			isa = PBXProject;
			attributes = {
				LastSwiftUpdateCheck = 0920;
				LastUpgradeCheck = 0920;
				ORGANIZATIONNAME = "Serhii Kharauzov";
				TargetAttributes = {
					9FD5E204204BFDE7002536E7 = {
						CreatedOnToolsVersion = 9.2;
						ProvisioningStyle = Automatic;
					};
				};
			};
			buildConfigurationList = 9FD5E200204BFDE7002536E7 /* Build configuration list for PBXProject "NiceDemo" */;
			compatibilityVersion = "Xcode 8.0";
			developmentRegion = en;
			hasScannedForEncodings = 0;
			knownRegions = (
				en,
				Base,
			);
			mainGroup = 9FD5E1FC204BFDE7002536E7;
			productRefGroup = 9FD5E206204BFDE7002536E7 /* Products */;
			projectDirPath = "";
			projectRoot = "";
			targets = (
				9FD5E204204BFDE7002536E7 /* NiceDemo */,
			);
		};
/* End PBXProject section */

/* Begin PBXResourcesBuildPhase section */
		9FD5E203204BFDE7002536E7 /* Resources */ = {
			isa = PBXResourcesBuildPhase;
			buildActionMask = 2147483647;
			files = (
				9FD5E213204BFDE7002536E7 /* LaunchScreen.storyboard in Resources */,
				9FD5E210204BFDE7002536E7 /* Assets.xcassets in Resources */,
			);
			runOnlyForDeploymentPostprocessing = 0;
		};
/* End PBXResourcesBuildPhase section */

/* Begin PBXSourcesBuildPhase section */
		9FD5E201204BFDE7002536E7 /* Sources */ = {
			isa = PBXSourcesBuildPhase;
			buildActionMask = 2147483647;
			files = (
				9F091AA7204D6A0000B580CB /* SignInConfigurator.swift in Sources */,
				9F091A9C204D63E900B580CB /* DogsStorageService.swift in Sources */,
				9F091AAB204D6B0400B580CB /* AuthFlowCoordinator.swift in Sources */,
				9F091A91204D543600B580CB /* StartPresenter.swift in Sources */,
				9F091AA4204D6A0000B580CB /* SignInContract.swift in Sources */,
				9F091A92204D543600B580CB /* StartViewController.swift in Sources */,
				9F091AA5204D6A0000B580CB /* SignInPresenter.swift in Sources */,
				9F091A8A204D52A800B580CB /* AppCoordinator.swift in Sources */,
				9F091A95204D54EE00B580CB /* StartView.swift in Sources */,
				9F64F64F204C1C0400ED9EB4 /* BaseNavigationController.swift in Sources */,
				9F091A90204D543600B580CB /* StartContract.swift in Sources */,
				9F64F645204C194100ED9EB4 /* UIViewController+Extension.swift in Sources */,
				9FD5E209204BFDE7002536E7 /* AppDelegate.swift in Sources */,
				9F64F641204C17DC00ED9EB4 /* ReusableView.swift in Sources */,
				9F091A99204D63DA00B580CB /* UserCredentialsStorageService.swift in Sources */,
				9F64F646204C194100ED9EB4 /* UIView+Extension.swift in Sources */,
				9F091AA9204D6A6100B580CB /* SignInView.swift in Sources */,
				9F091AA6204D6A0000B580CB /* SignInViewController.swift in Sources */,
				9F64F659204C465C00ED9EB4 /* UserDefaultsLayer.swift in Sources */,
				9F64F65B204C467900ED9EB4 /* AppDelegateService.swift in Sources */,
				9F64F642204C17DC00ED9EB4 /* Coordinator.swift in Sources */,
				9F091A93204D543600B580CB /* StartConfigurator.swift in Sources */,
				9F3776552050328400E9BB0A /* Validator.swift in Sources */,
				9F64F64C204C1B4E00ED9EB4 /* BaseViewController.swift in Sources */,
				9F64F648204C19EF00ED9EB4 /* Utils.swift in Sources */,
			);
			runOnlyForDeploymentPostprocessing = 0;
		};
/* End PBXSourcesBuildPhase section */

/* Begin PBXVariantGroup section */
		9FD5E211204BFDE7002536E7 /* LaunchScreen.storyboard */ = {
			isa = PBXVariantGroup;
			children = (
				9FD5E212204BFDE7002536E7 /* Base */,
			);
			name = LaunchScreen.storyboard;
			sourceTree = "<group>";
		};
/* End PBXVariantGroup section */

/* Begin XCBuildConfiguration section */
		9FD5E215204BFDE7002536E7 /* Debug */ = {
			isa = XCBuildConfiguration;
			buildSettings = {
				ALWAYS_SEARCH_USER_PATHS = NO;
				CLANG_ANALYZER_NONNULL = YES;
				CLANG_ANALYZER_NUMBER_OBJECT_CONVERSION = YES_AGGRESSIVE;
				CLANG_CXX_LANGUAGE_STANDARD = "gnu++14";
				CLANG_CXX_LIBRARY = "libc++";
				CLANG_ENABLE_MODULES = YES;
				CLANG_ENABLE_OBJC_ARC = YES;
				CLANG_WARN_BLOCK_CAPTURE_AUTORELEASING = YES;
				CLANG_WARN_BOOL_CONVERSION = YES;
				CLANG_WARN_COMMA = YES;
				CLANG_WARN_CONSTANT_CONVERSION = YES;
				CLANG_WARN_DIRECT_OBJC_ISA_USAGE = YES_ERROR;
				CLANG_WARN_DOCUMENTATION_COMMENTS = YES;
				CLANG_WARN_EMPTY_BODY = YES;
				CLANG_WARN_ENUM_CONVERSION = YES;
				CLANG_WARN_INFINITE_RECURSION = YES;
				CLANG_WARN_INT_CONVERSION = YES;
				CLANG_WARN_NON_LITERAL_NULL_CONVERSION = YES;
				CLANG_WARN_OBJC_LITERAL_CONVERSION = YES;
				CLANG_WARN_OBJC_ROOT_CLASS = YES_ERROR;
				CLANG_WARN_RANGE_LOOP_ANALYSIS = YES;
				CLANG_WARN_STRICT_PROTOTYPES = YES;
				CLANG_WARN_SUSPICIOUS_MOVE = YES;
				CLANG_WARN_UNGUARDED_AVAILABILITY = YES_AGGRESSIVE;
				CLANG_WARN_UNREACHABLE_CODE = YES;
				CLANG_WARN__DUPLICATE_METHOD_MATCH = YES;
				CODE_SIGN_IDENTITY = "iPhone Developer";
				COPY_PHASE_STRIP = NO;
				DEBUG_INFORMATION_FORMAT = dwarf;
				ENABLE_STRICT_OBJC_MSGSEND = YES;
				ENABLE_TESTABILITY = YES;
				GCC_C_LANGUAGE_STANDARD = gnu11;
				GCC_DYNAMIC_NO_PIC = NO;
				GCC_NO_COMMON_BLOCKS = YES;
				GCC_OPTIMIZATION_LEVEL = 0;
				GCC_PREPROCESSOR_DEFINITIONS = (
					"DEBUG=1",
					"$(inherited)",
				);
				GCC_WARN_64_TO_32_BIT_CONVERSION = YES;
				GCC_WARN_ABOUT_RETURN_TYPE = YES_ERROR;
				GCC_WARN_UNDECLARED_SELECTOR = YES;
				GCC_WARN_UNINITIALIZED_AUTOS = YES_AGGRESSIVE;
				GCC_WARN_UNUSED_FUNCTION = YES;
				GCC_WARN_UNUSED_VARIABLE = YES;
				IPHONEOS_DEPLOYMENT_TARGET = 11.2;
				MTL_ENABLE_DEBUG_INFO = YES;
				ONLY_ACTIVE_ARCH = YES;
				SDKROOT = iphoneos;
				SWIFT_ACTIVE_COMPILATION_CONDITIONS = DEBUG;
				SWIFT_OPTIMIZATION_LEVEL = "-Onone";
			};
			name = Debug;
		};
		9FD5E216204BFDE7002536E7 /* Release */ = {
			isa = XCBuildConfiguration;
			buildSettings = {
				ALWAYS_SEARCH_USER_PATHS = NO;
				CLANG_ANALYZER_NONNULL = YES;
				CLANG_ANALYZER_NUMBER_OBJECT_CONVERSION = YES_AGGRESSIVE;
				CLANG_CXX_LANGUAGE_STANDARD = "gnu++14";
				CLANG_CXX_LIBRARY = "libc++";
				CLANG_ENABLE_MODULES = YES;
				CLANG_ENABLE_OBJC_ARC = YES;
				CLANG_WARN_BLOCK_CAPTURE_AUTORELEASING = YES;
				CLANG_WARN_BOOL_CONVERSION = YES;
				CLANG_WARN_COMMA = YES;
				CLANG_WARN_CONSTANT_CONVERSION = YES;
				CLANG_WARN_DIRECT_OBJC_ISA_USAGE = YES_ERROR;
				CLANG_WARN_DOCUMENTATION_COMMENTS = YES;
				CLANG_WARN_EMPTY_BODY = YES;
				CLANG_WARN_ENUM_CONVERSION = YES;
				CLANG_WARN_INFINITE_RECURSION = YES;
				CLANG_WARN_INT_CONVERSION = YES;
				CLANG_WARN_NON_LITERAL_NULL_CONVERSION = YES;
				CLANG_WARN_OBJC_LITERAL_CONVERSION = YES;
				CLANG_WARN_OBJC_ROOT_CLASS = YES_ERROR;
				CLANG_WARN_RANGE_LOOP_ANALYSIS = YES;
				CLANG_WARN_STRICT_PROTOTYPES = YES;
				CLANG_WARN_SUSPICIOUS_MOVE = YES;
				CLANG_WARN_UNGUARDED_AVAILABILITY = YES_AGGRESSIVE;
				CLANG_WARN_UNREACHABLE_CODE = YES;
				CLANG_WARN__DUPLICATE_METHOD_MATCH = YES;
				CODE_SIGN_IDENTITY = "iPhone Developer";
				COPY_PHASE_STRIP = NO;
				DEBUG_INFORMATION_FORMAT = "dwarf-with-dsym";
				ENABLE_NS_ASSERTIONS = NO;
				ENABLE_STRICT_OBJC_MSGSEND = YES;
				GCC_C_LANGUAGE_STANDARD = gnu11;
				GCC_NO_COMMON_BLOCKS = YES;
				GCC_WARN_64_TO_32_BIT_CONVERSION = YES;
				GCC_WARN_ABOUT_RETURN_TYPE = YES_ERROR;
				GCC_WARN_UNDECLARED_SELECTOR = YES;
				GCC_WARN_UNINITIALIZED_AUTOS = YES_AGGRESSIVE;
				GCC_WARN_UNUSED_FUNCTION = YES;
				GCC_WARN_UNUSED_VARIABLE = YES;
				IPHONEOS_DEPLOYMENT_TARGET = 11.2;
				MTL_ENABLE_DEBUG_INFO = NO;
				SDKROOT = iphoneos;
				SWIFT_OPTIMIZATION_LEVEL = "-Owholemodule";
				VALIDATE_PRODUCT = YES;
			};
			name = Release;
		};
		9FD5E218204BFDE7002536E7 /* Debug */ = {
			isa = XCBuildConfiguration;
			buildSettings = {
				ASSETCATALOG_COMPILER_APPICON_NAME = AppIcon;
				CODE_SIGN_STYLE = Automatic;
				INFOPLIST_FILE = "$(SRCROOT)/NiceDemo/Supporting files/Info.plist";
				IPHONEOS_DEPLOYMENT_TARGET = 9.0;
				LD_RUNPATH_SEARCH_PATHS = "$(inherited) @executable_path/Frameworks";
				PRODUCT_BUNDLE_IDENTIFIER = lollipop.NiceDemo;
				PRODUCT_NAME = "$(TARGET_NAME)";
				SWIFT_VERSION = 4.0;
				TARGETED_DEVICE_FAMILY = "1,2";
			};
			name = Debug;
		};
		9FD5E219204BFDE7002536E7 /* Release */ = {
			isa = XCBuildConfiguration;
			buildSettings = {
				ASSETCATALOG_COMPILER_APPICON_NAME = AppIcon;
				CODE_SIGN_STYLE = Automatic;
				INFOPLIST_FILE = "$(SRCROOT)/NiceDemo/Supporting files/Info.plist";
				IPHONEOS_DEPLOYMENT_TARGET = 9.0;
				LD_RUNPATH_SEARCH_PATHS = "$(inherited) @executable_path/Frameworks";
				PRODUCT_BUNDLE_IDENTIFIER = lollipop.NiceDemo;
				PRODUCT_NAME = "$(TARGET_NAME)";
				SWIFT_VERSION = 4.0;
				TARGETED_DEVICE_FAMILY = "1,2";
			};
			name = Release;
		};
/* End XCBuildConfiguration section */

/* Begin XCConfigurationList section */
		9FD5E200204BFDE7002536E7 /* Build configuration list for PBXProject "NiceDemo" */ = {
			isa = XCConfigurationList;
			buildConfigurations = (
				9FD5E215204BFDE7002536E7 /* Debug */,
				9FD5E216204BFDE7002536E7 /* Release */,
			);
			defaultConfigurationIsVisible = 0;
			defaultConfigurationName = Release;
		};
		9FD5E217204BFDE7002536E7 /* Build configuration list for PBXNativeTarget "NiceDemo" */ = {
			isa = XCConfigurationList;
			buildConfigurations = (
				9FD5E218204BFDE7002536E7 /* Debug */,
				9FD5E219204BFDE7002536E7 /* Release */,
			);
			defaultConfigurationIsVisible = 0;
			defaultConfigurationName = Release;
		};
/* End XCConfigurationList section */
	};
	rootObject = 9FD5E1FD204BFDE7002536E7 /* Project object */;
}
